// !$*UTF8*$!
{
	archiveVersion = 1;
	classes = {
	};
	objectVersion = 45;
	objects = {

/* Begin PBXBuildFile section */
		1D3623260D0F684500981E51 /* RadarAppDelegate.m in Sources */ = {isa = PBXBuildFile; fileRef = 1D3623250D0F684500981E51 /* RadarAppDelegate.m */; };
		1D60589B0D05DD56006BFB54 /* main.m in Sources */ = {isa = PBXBuildFile; fileRef = 29B97316FDCFA39411CA2CEA /* main.m */; };
		1D60589F0D05DD5A006BFB54 /* Foundation.framework in Frameworks */ = {isa = PBXBuildFile; fileRef = 1D30AB110D05D00D00671497 /* Foundation.framework */; };
		1DF5F4E00D08C38300B7A737 /* UIKit.framework in Frameworks */ = {isa = PBXBuildFile; fileRef = 1DF5F4DF0D08C38300B7A737 /* UIKit.framework */; };
		2892E4100DC94CBA00A64D0F /* CoreGraphics.framework in Frameworks */ = {isa = PBXBuildFile; fileRef = 2892E40F0DC94CBA00A64D0F /* CoreGraphics.framework */; };
		2899E5600DE3E45000AC0155 /* RootViewController.xib in Resources */ = {isa = PBXBuildFile; fileRef = 2899E55F0DE3E45000AC0155 /* RootViewController.xib */; };
		28AD73600D9D9599002E5188 /* MainWindow.xib in Resources */ = {isa = PBXBuildFile; fileRef = 28AD735F0D9D9599002E5188 /* MainWindow.xib */; };
		28C286E10D94DF7D0034E888 /* RootViewController.m in Sources */ = {isa = PBXBuildFile; fileRef = 28C286E00D94DF7D0034E888 /* RootViewController.m */; };
		E243C4DD0FBA064A00E40DAA /* libThree20.a in Frameworks */ = {isa = PBXBuildFile; fileRef = E243C4DC0FBA064800E40DAA /* libThree20.a */; };
		E243C4E50FBA069000E40DAA /* Three20.bundle in Resources */ = {isa = PBXBuildFile; fileRef = E243C4E40FBA069000E40DAA /* Three20.bundle */; };
		E243C5020FBA06AC00E40DAA /* QuartzCore.framework in Frameworks */ = {isa = PBXBuildFile; fileRef = E243C5010FBA06AC00E40DAA /* QuartzCore.framework */; };
		E2502AF10FA4CF9B00038A25 /* RadarArea.m in Sources */ = {isa = PBXBuildFile; fileRef = E2502AF00FA4CF9B00038A25 /* RadarArea.m */; };
		E265D7860FA38755007129F2 /* RadarImageViewController.m in Sources */ = {isa = PBXBuildFile; fileRef = E265D7850FA38755007129F2 /* RadarImageViewController.m */; };
		E265D78A0FA3876C007129F2 /* RadarImageView.xib in Resources */ = {isa = PBXBuildFile; fileRef = E265D7890FA3876C007129F2 /* RadarImageView.xib */; };
		E265D7F20FA3993C007129F2 /* dot.png in Resources */ = {isa = PBXBuildFile; fileRef = E265D7F10FA3993C007129F2 /* dot.png */; };
		E265D8AA0FA3B473007129F2 /* ASINetworkQueue.m in Sources */ = {isa = PBXBuildFile; fileRef = E265D8A20FA3B473007129F2 /* ASINetworkQueue.m */; };
		E265D8AB0FA3B473007129F2 /* ASIFormDataRequest.m in Sources */ = {isa = PBXBuildFile; fileRef = E265D8A40FA3B473007129F2 /* ASIFormDataRequest.m */; };
		E265D8AC0FA3B473007129F2 /* NSHTTPCookieAdditions.m in Sources */ = {isa = PBXBuildFile; fileRef = E265D8A80FA3B473007129F2 /* NSHTTPCookieAdditions.m */; };
		E265D8AD0FA3B473007129F2 /* ASIHTTPRequest.m in Sources */ = {isa = PBXBuildFile; fileRef = E265D8A90FA3B473007129F2 /* ASIHTTPRequest.m */; };
		E265D8B10FA3B48B007129F2 /* CFNetwork.framework in Frameworks */ = {isa = PBXBuildFile; fileRef = E265D8B00FA3B48B007129F2 /* CFNetwork.framework */; };
		E265D8B30FA3B499007129F2 /* libz.1.2.3.dylib in Frameworks */ = {isa = PBXBuildFile; fileRef = E265D8B20FA3B499007129F2 /* libz.1.2.3.dylib */; };
		E295DA170FBA0082001F55A4 /* GDataFramework.m in Sources */ = {isa = PBXBuildFile; fileRef = E295D8550FBA0081001F55A4 /* GDataFramework.m */; };
		E295DA180FBA0082001F55A4 /* GDataUtilities.m in Sources */ = {isa = PBXBuildFile; fileRef = E295D8570FBA0081001F55A4 /* GDataUtilities.m */; };
		E295DA190FBA0082001F55A4 /* GDataObject.m in Sources */ = {isa = PBXBuildFile; fileRef = E295D85B0FBA0081001F55A4 /* GDataObject.m */; };
		E295DA1A0FBA0082001F55A4 /* GDataEntryBase.m in Sources */ = {isa = PBXBuildFile; fileRef = E295D85D0FBA0081001F55A4 /* GDataEntryBase.m */; };
		E295DA1B0FBA0082001F55A4 /* GDataFeedBase.m in Sources */ = {isa = PBXBuildFile; fileRef = E295D85F0FBA0081001F55A4 /* GDataFeedBase.m */; };
		E295DA1C0FBA0082001F55A4 /* GDataQuery.m in Sources */ = {isa = PBXBuildFile; fileRef = E295D8610FBA0081001F55A4 /* GDataQuery.m */; };
		E295DA1D0FBA0082001F55A4 /* GDataServiceBase.m in Sources */ = {isa = PBXBuildFile; fileRef = E295D8630FBA0081001F55A4 /* GDataServiceBase.m */; };
		E295DA1E0FBA0082001F55A4 /* GDataServiceGoogle.m in Sources */ = {isa = PBXBuildFile; fileRef = E295D8650FBA0081001F55A4 /* GDataServiceGoogle.m */; };
		E295DA1F0FBA0082001F55A4 /* GDataBaseElements.m in Sources */ = {isa = PBXBuildFile; fileRef = E295D8680FBA0081001F55A4 /* GDataBaseElements.m */; };
		E295DA200FBA0082001F55A4 /* GDataAtomPubControl.m in Sources */ = {isa = PBXBuildFile; fileRef = E295D86B0FBA0081001F55A4 /* GDataAtomPubControl.m */; };
		E295DA210FBA0082001F55A4 /* GDataLink.m in Sources */ = {isa = PBXBuildFile; fileRef = E295D86D0FBA0081001F55A4 /* GDataLink.m */; };
		E295DA220FBA0082001F55A4 /* GDataPerson.m in Sources */ = {isa = PBXBuildFile; fileRef = E295D86F0FBA0081001F55A4 /* GDataPerson.m */; };
		E295DA230FBA0082001F55A4 /* GDataComment.m in Sources */ = {isa = PBXBuildFile; fileRef = E295D8710FBA0081001F55A4 /* GDataComment.m */; };
		E295DA240FBA0082001F55A4 /* GDataEntryLink.m in Sources */ = {isa = PBXBuildFile; fileRef = E295D8730FBA0081001F55A4 /* GDataEntryLink.m */; };
		E295DA250FBA0082001F55A4 /* GDataFeedLink.m in Sources */ = {isa = PBXBuildFile; fileRef = E295D8750FBA0081001F55A4 /* GDataFeedLink.m */; };
		E295DA260FBA0082001F55A4 /* GDataCategory.m in Sources */ = {isa = PBXBuildFile; fileRef = E295D8760FBA0081001F55A4 /* GDataCategory.m */; };
		E295DA270FBA0082001F55A4 /* GDataDeleted.m in Sources */ = {isa = PBXBuildFile; fileRef = E295D8790FBA0081001F55A4 /* GDataDeleted.m */; };
		E295DA280FBA0082001F55A4 /* GDataMoney.m in Sources */ = {isa = PBXBuildFile; fileRef = E295D87A0FBA0081001F55A4 /* GDataMoney.m */; };
		E295DA290FBA0082001F55A4 /* GDataWho.m in Sources */ = {isa = PBXBuildFile; fileRef = E295D87C0FBA0081001F55A4 /* GDataWho.m */; };
		E295DA2A0FBA0082001F55A4 /* GDataWhere.m in Sources */ = {isa = PBXBuildFile; fileRef = E295D87F0FBA0081001F55A4 /* GDataWhere.m */; };
		E295DA2B0FBA0082001F55A4 /* GDataWhen.m in Sources */ = {isa = PBXBuildFile; fileRef = E295D8810FBA0081001F55A4 /* GDataWhen.m */; };
		E295DA2C0FBA0082001F55A4 /* GDataGenerator.m in Sources */ = {isa = PBXBuildFile; fileRef = E295D8830FBA0081001F55A4 /* GDataGenerator.m */; };
		E295DA2D0FBA0082001F55A4 /* GDataTextConstruct.m in Sources */ = {isa = PBXBuildFile; fileRef = E295D8860FBA0081001F55A4 /* GDataTextConstruct.m */; };
		E295DA2E0FBA0082001F55A4 /* GDataValueConstruct.m in Sources */ = {isa = PBXBuildFile; fileRef = E295D8880FBA0081001F55A4 /* GDataValueConstruct.m */; };
		E295DA2F0FBA0082001F55A4 /* GDataExtendedProperty.m in Sources */ = {isa = PBXBuildFile; fileRef = E295D88A0FBA0081001F55A4 /* GDataExtendedProperty.m */; };
		E295DA300FBA0082001F55A4 /* GDataEntryContent.m in Sources */ = {isa = PBXBuildFile; fileRef = E295D88C0FBA0081001F55A4 /* GDataEntryContent.m */; };
		E295DA310FBA0082001F55A4 /* GDataEmail.m in Sources */ = {isa = PBXBuildFile; fileRef = E295D88E0FBA0081001F55A4 /* GDataEmail.m */; };
		E295DA320FBA0082001F55A4 /* GDataGeoPt.m in Sources */ = {isa = PBXBuildFile; fileRef = E295D8900FBA0081001F55A4 /* GDataGeoPt.m */; };
		E295DA330FBA0082001F55A4 /* GDataIM.m in Sources */ = {isa = PBXBuildFile; fileRef = E295D8920FBA0081001F55A4 /* GDataIM.m */; };
		E295DA340FBA0082001F55A4 /* GDataOrganization.m in Sources */ = {isa = PBXBuildFile; fileRef = E295D8940FBA0081001F55A4 /* GDataOrganization.m */; };
		E295DA350FBA0082001F55A4 /* GDataPhoneNumber.m in Sources */ = {isa = PBXBuildFile; fileRef = E295D8960FBA0081001F55A4 /* GDataPhoneNumber.m */; };
		E295DA360FBA0082001F55A4 /* GDataPostalAddress.m in Sources */ = {isa = PBXBuildFile; fileRef = E295D8980FBA0081001F55A4 /* GDataPostalAddress.m */; };
		E295DA370FBA0082001F55A4 /* GDataRating.m in Sources */ = {isa = PBXBuildFile; fileRef = E295D89A0FBA0081001F55A4 /* GDataRating.m */; };
		E295DA380FBA0082001F55A4 /* GDataDateTime.m in Sources */ = {isa = PBXBuildFile; fileRef = E295D89C0FBA0081001F55A4 /* GDataDateTime.m */; };
		E295DA390FBA0082001F55A4 /* GDataBatchOperation.m in Sources */ = {isa = PBXBuildFile; fileRef = E295D89E0FBA0081001F55A4 /* GDataBatchOperation.m */; };
		E295DA3A0FBA0082001F55A4 /* GDataBatchID.m in Sources */ = {isa = PBXBuildFile; fileRef = E295D8A00FBA0081001F55A4 /* GDataBatchID.m */; };
		E295DA3B0FBA0082001F55A4 /* GDataBatchStatus.m in Sources */ = {isa = PBXBuildFile; fileRef = E295D8A20FBA0081001F55A4 /* GDataBatchStatus.m */; };
		E295DA3C0FBA0082001F55A4 /* GDataBatchInterrupted.m in Sources */ = {isa = PBXBuildFile; fileRef = E295D8A40FBA0081001F55A4 /* GDataBatchInterrupted.m */; };
		E295DA3D0FBA0082001F55A4 /* GDataHTTPFetcher.m in Sources */ = {isa = PBXBuildFile; fileRef = E295D8A70FBA0081001F55A4 /* GDataHTTPFetcher.m */; };
		E295DA3E0FBA0082001F55A4 /* GDataHTTPFetcherLogging.m in Sources */ = {isa = PBXBuildFile; fileRef = E295D8A90FBA0081001F55A4 /* GDataHTTPFetcherLogging.m */; };
		E295DA3F0FBA0082001F55A4 /* GDataProgressMonitorInputStream.m in Sources */ = {isa = PBXBuildFile; fileRef = E295D8AB0FBA0081001F55A4 /* GDataProgressMonitorInputStream.m */; };
		E295DA400FBA0082001F55A4 /* GDataGatherInputStream.m in Sources */ = {isa = PBXBuildFile; fileRef = E295D8AD0FBA0081001F55A4 /* GDataGatherInputStream.m */; };
		E295DA410FBA0082001F55A4 /* GDataMIMEDocument.m in Sources */ = {isa = PBXBuildFile; fileRef = E295D8AF0FBA0081001F55A4 /* GDataMIMEDocument.m */; };
		E295DA420FBA0082001F55A4 /* GDataServerError.m in Sources */ = {isa = PBXBuildFile; fileRef = E295D8B10FBA0081001F55A4 /* GDataServerError.m */; };
		E295DA430FBA0082001F55A4 /* GDataNormalPlayTime.m in Sources */ = {isa = PBXBuildFile; fileRef = E295D8B40FBA0081001F55A4 /* GDataNormalPlayTime.m */; };
		E295DA440FBA0082001F55A4 /* GDataMediaThumbnail.m in Sources */ = {isa = PBXBuildFile; fileRef = E295D8B60FBA0081001F55A4 /* GDataMediaThumbnail.m */; };
		E295DA450FBA0082001F55A4 /* GDataMediaKeywords.m in Sources */ = {isa = PBXBuildFile; fileRef = E295D8B80FBA0081001F55A4 /* GDataMediaKeywords.m */; };
		E295DA460FBA0082001F55A4 /* GDataMediaGroup.m in Sources */ = {isa = PBXBuildFile; fileRef = E295D8BA0FBA0081001F55A4 /* GDataMediaGroup.m */; };
		E295DA470FBA0082001F55A4 /* GDataMediaContent.m in Sources */ = {isa = PBXBuildFile; fileRef = E295D8BC0FBA0081001F55A4 /* GDataMediaContent.m */; };
		E295DA480FBA0082001F55A4 /* GDataMediaCredit.m in Sources */ = {isa = PBXBuildFile; fileRef = E295D8BE0FBA0081001F55A4 /* GDataMediaCredit.m */; };
		E295DA490FBA0082001F55A4 /* GDataMediaCategory.m in Sources */ = {isa = PBXBuildFile; fileRef = E295D8C10FBA0081001F55A4 /* GDataMediaCategory.m */; };
		E295DA4A0FBA0082001F55A4 /* GDataMediaPlayer.m in Sources */ = {isa = PBXBuildFile; fileRef = E295D8C30FBA0081001F55A4 /* GDataMediaPlayer.m */; };
		E295DA4B0FBA0082001F55A4 /* GDataMediaRating.m in Sources */ = {isa = PBXBuildFile; fileRef = E295D8C50FBA0081001F55A4 /* GDataMediaRating.m */; };
		E295DA4C0FBA0082001F55A4 /* GDataMediaRestriction.m in Sources */ = {isa = PBXBuildFile; fileRef = E295D8C70FBA0081001F55A4 /* GDataMediaRestriction.m */; };
		E295DA4D0FBA0082001F55A4 /* GDataGeo.m in Sources */ = {isa = PBXBuildFile; fileRef = E295D8CA0FBA0081001F55A4 /* GDataGeo.m */; };
		E295DA4E0FBA0082001F55A4 /* GDataXMLNode.m in Sources */ = {isa = PBXBuildFile; fileRef = E295D8CE0FBA0081001F55A4 /* GDataXMLNode.m */; };
		E295DA4F0FBA0082001F55A4 /* GDataEntryACL.m in Sources */ = {isa = PBXBuildFile; fileRef = E295D8D20FBA0081001F55A4 /* GDataEntryACL.m */; };
		E295DA500FBA0082001F55A4 /* GDataFeedACL.m in Sources */ = {isa = PBXBuildFile; fileRef = E295D8D40FBA0081001F55A4 /* GDataFeedACL.m */; };
		E295DA510FBA0082001F55A4 /* GDataACLScope.m in Sources */ = {isa = PBXBuildFile; fileRef = E295D8D60FBA0081001F55A4 /* GDataACLScope.m */; };
		E295DA520FBA0082001F55A4 /* GDataACLRole.m in Sources */ = {isa = PBXBuildFile; fileRef = E295D8D80FBA0081001F55A4 /* GDataACLRole.m */; };
		E295DA530FBA0082001F55A4 /* GDataServiceACL.m in Sources */ = {isa = PBXBuildFile; fileRef = E295D8DA0FBA0081001F55A4 /* GDataServiceACL.m */; };
		E295DA540FBA0082001F55A4 /* GDataAtomServiceDocument.m in Sources */ = {isa = PBXBuildFile; fileRef = E295D8DE0FBA0081001F55A4 /* GDataAtomServiceDocument.m */; };
		E295DA550FBA0082001F55A4 /* GDataAtomWorkspace.m in Sources */ = {isa = PBXBuildFile; fileRef = E295D8E00FBA0081001F55A4 /* GDataAtomWorkspace.m */; };
		E295DA560FBA0082001F55A4 /* GDataAtomCategoryGroup.m in Sources */ = {isa = PBXBuildFile; fileRef = E295D8E20FBA0081001F55A4 /* GDataAtomCategoryGroup.m */; };
		E295DA570FBA0082001F55A4 /* GDataAtomCollection.m in Sources */ = {isa = PBXBuildFile; fileRef = E295D8E40FBA0081001F55A4 /* GDataAtomCollection.m */; };
/* End PBXBuildFile section */

/* Begin PBXContainerItemProxy section */
		E243C4DB0FBA064800E40DAA /* PBXContainerItemProxy */ = {
			isa = PBXContainerItemProxy;
			containerPortal = E243C4D70FBA064800E40DAA /* Three20.xcodeproj */;
			proxyType = 2;
			remoteGlobalIDString = BEF31F3A0F352DF5000DE5D2 /* libThree20.a */;
			remoteInfo = Three20;
		};
		E243C4E10FBA065900E40DAA /* PBXContainerItemProxy */ = {
			isa = PBXContainerItemProxy;
			containerPortal = E243C4D70FBA064800E40DAA /* Three20.xcodeproj */;
			proxyType = 1;
			remoteGlobalIDString = BEF31F390F352DF5000DE5D2 /* Three20 */;
			remoteInfo = Three20;
		};
/* End PBXContainerItemProxy section */

/* Begin PBXFileReference section */
		1D30AB110D05D00D00671497 /* Foundation.framework */ = {isa = PBXFileReference; lastKnownFileType = wrapper.framework; name = Foundation.framework; path = System/Library/Frameworks/Foundation.framework; sourceTree = SDKROOT; };
		1D3623240D0F684500981E51 /* RadarAppDelegate.h */ = {isa = PBXFileReference; fileEncoding = 4; lastKnownFileType = sourcecode.c.h; path = RadarAppDelegate.h; sourceTree = "<group>"; };
		1D3623250D0F684500981E51 /* RadarAppDelegate.m */ = {isa = PBXFileReference; fileEncoding = 4; lastKnownFileType = sourcecode.c.objc; path = RadarAppDelegate.m; sourceTree = "<group>"; };
		1D6058910D05DD3D006BFB54 /* Radar.app */ = {isa = PBXFileReference; explicitFileType = wrapper.application; includeInIndex = 0; path = Radar.app; sourceTree = BUILT_PRODUCTS_DIR; };
		1DF5F4DF0D08C38300B7A737 /* UIKit.framework */ = {isa = PBXFileReference; lastKnownFileType = wrapper.framework; name = UIKit.framework; path = System/Library/Frameworks/UIKit.framework; sourceTree = SDKROOT; };
		2892E40F0DC94CBA00A64D0F /* CoreGraphics.framework */ = {isa = PBXFileReference; lastKnownFileType = wrapper.framework; name = CoreGraphics.framework; path = System/Library/Frameworks/CoreGraphics.framework; sourceTree = SDKROOT; };
		2899E55F0DE3E45000AC0155 /* RootViewController.xib */ = {isa = PBXFileReference; lastKnownFileType = file.xib; path = RootViewController.xib; sourceTree = "<group>"; };
		28A0AAE50D9B0CCF005BE974 /* Radar_Prefix.pch */ = {isa = PBXFileReference; fileEncoding = 4; lastKnownFileType = sourcecode.c.h; path = Radar_Prefix.pch; sourceTree = "<group>"; };
		28AD735F0D9D9599002E5188 /* MainWindow.xib */ = {isa = PBXFileReference; lastKnownFileType = file.xib; path = MainWindow.xib; sourceTree = "<group>"; };
		28C286DF0D94DF7D0034E888 /* RootViewController.h */ = {isa = PBXFileReference; fileEncoding = 4; lastKnownFileType = sourcecode.c.h; path = RootViewController.h; sourceTree = "<group>"; };
		28C286E00D94DF7D0034E888 /* RootViewController.m */ = {isa = PBXFileReference; fileEncoding = 4; lastKnownFileType = sourcecode.c.objc; path = RootViewController.m; sourceTree = "<group>"; };
		29B97316FDCFA39411CA2CEA /* main.m */ = {isa = PBXFileReference; fileEncoding = 4; lastKnownFileType = sourcecode.c.objc; path = main.m; sourceTree = "<group>"; };
		8D1107310486CEB800E47090 /* Info.plist */ = {isa = PBXFileReference; fileEncoding = 4; lastKnownFileType = text.plist.xml; path = Info.plist; sourceTree = "<group>"; };
		E243C4D70FBA064800E40DAA /* Three20.xcodeproj */ = {isa = PBXFileReference; lastKnownFileType = "wrapper.pb-project"; name = Three20.xcodeproj; path = ../vendor/three20/src/Three20.xcodeproj; sourceTree = SOURCE_ROOT; };
		E243C4E40FBA069000E40DAA /* Three20.bundle */ = {isa = PBXFileReference; lastKnownFileType = "wrapper.plug-in"; name = Three20.bundle; path = ../vendor/three20/src/Three20.bundle; sourceTree = SOURCE_ROOT; };
		E243C5010FBA06AC00E40DAA /* QuartzCore.framework */ = {isa = PBXFileReference; lastKnownFileType = wrapper.framework; name = QuartzCore.framework; path = System/Library/Frameworks/QuartzCore.framework; sourceTree = SDKROOT; };
		E2502AEF0FA4CF9B00038A25 /* RadarArea.h */ = {isa = PBXFileReference; fileEncoding = 4; lastKnownFileType = sourcecode.c.h; path = RadarArea.h; sourceTree = "<group>"; };
		E2502AF00FA4CF9B00038A25 /* RadarArea.m */ = {isa = PBXFileReference; fileEncoding = 4; lastKnownFileType = sourcecode.c.objc; path = RadarArea.m; sourceTree = "<group>"; };
		E265D7840FA38755007129F2 /* RadarImageViewController.h */ = {isa = PBXFileReference; fileEncoding = 4; lastKnownFileType = sourcecode.c.h; path = RadarImageViewController.h; sourceTree = "<group>"; };
		E265D7850FA38755007129F2 /* RadarImageViewController.m */ = {isa = PBXFileReference; fileEncoding = 4; lastKnownFileType = sourcecode.c.objc; path = RadarImageViewController.m; sourceTree = "<group>"; };
		E265D7890FA3876C007129F2 /* RadarImageView.xib */ = {isa = PBXFileReference; lastKnownFileType = file.xib; path = RadarImageView.xib; sourceTree = "<group>"; };
		E265D7F10FA3993C007129F2 /* dot.png */ = {isa = PBXFileReference; lastKnownFileType = image.png; path = dot.png; sourceTree = "<group>"; };
		E265D8A20FA3B473007129F2 /* ASINetworkQueue.m */ = {isa = PBXFileReference; fileEncoding = 4; lastKnownFileType = sourcecode.c.objc; path = ASINetworkQueue.m; sourceTree = "<group>"; };
		E265D8A30FA3B473007129F2 /* ASINetworkQueue.h */ = {isa = PBXFileReference; fileEncoding = 4; lastKnownFileType = sourcecode.c.h; path = ASINetworkQueue.h; sourceTree = "<group>"; };
		E265D8A40FA3B473007129F2 /* ASIFormDataRequest.m */ = {isa = PBXFileReference; fileEncoding = 4; lastKnownFileType = sourcecode.c.objc; path = ASIFormDataRequest.m; sourceTree = "<group>"; };
		E265D8A50FA3B473007129F2 /* ASIFormDataRequest.h */ = {isa = PBXFileReference; fileEncoding = 4; lastKnownFileType = sourcecode.c.h; path = ASIFormDataRequest.h; sourceTree = "<group>"; };
		E265D8A60FA3B473007129F2 /* ASIHTTPRequest.h */ = {isa = PBXFileReference; fileEncoding = 4; lastKnownFileType = sourcecode.c.h; path = ASIHTTPRequest.h; sourceTree = "<group>"; };
		E265D8A70FA3B473007129F2 /* NSHTTPCookieAdditions.h */ = {isa = PBXFileReference; fileEncoding = 4; lastKnownFileType = sourcecode.c.h; path = NSHTTPCookieAdditions.h; sourceTree = "<group>"; };
		E265D8A80FA3B473007129F2 /* NSHTTPCookieAdditions.m */ = {isa = PBXFileReference; fileEncoding = 4; lastKnownFileType = sourcecode.c.objc; path = NSHTTPCookieAdditions.m; sourceTree = "<group>"; };
		E265D8A90FA3B473007129F2 /* ASIHTTPRequest.m */ = {isa = PBXFileReference; fileEncoding = 4; lastKnownFileType = sourcecode.c.objc; path = ASIHTTPRequest.m; sourceTree = "<group>"; };
		E265D8B00FA3B48B007129F2 /* CFNetwork.framework */ = {isa = PBXFileReference; lastKnownFileType = wrapper.framework; name = CFNetwork.framework; path = System/Library/Frameworks/CFNetwork.framework; sourceTree = SDKROOT; };
		E265D8B20FA3B499007129F2 /* libz.1.2.3.dylib */ = {isa = PBXFileReference; lastKnownFileType = "compiled.mach-o.dylib"; name = libz.1.2.3.dylib; path = usr/lib/libz.1.2.3.dylib; sourceTree = SDKROOT; };
		E295D8520FBA0081001F55A4 /* GData.h */ = {isa = PBXFileReference; fileEncoding = 4; lastKnownFileType = sourcecode.c.h; name = GData.h; path = "../vendor/gdata-objectivec-client/Source/GData.h"; sourceTree = SOURCE_ROOT; };
		E295D8530FBA0081001F55A4 /* GDataDefines.h */ = {isa = PBXFileReference; fileEncoding = 4; lastKnownFileType = sourcecode.c.h; name = GDataDefines.h; path = "../vendor/gdata-objectivec-client/Source/GDataDefines.h"; sourceTree = SOURCE_ROOT; };
		E295D8540FBA0081001F55A4 /* GDataFramework.h */ = {isa = PBXFileReference; fileEncoding = 4; lastKnownFileType = sourcecode.c.h; name = GDataFramework.h; path = "../vendor/gdata-objectivec-client/Source/GDataFramework.h"; sourceTree = SOURCE_ROOT; };
		E295D8550FBA0081001F55A4 /* GDataFramework.m */ = {isa = PBXFileReference; fileEncoding = 4; lastKnownFileType = sourcecode.c.objc; name = GDataFramework.m; path = "../vendor/gdata-objectivec-client/Source/GDataFramework.m"; sourceTree = SOURCE_ROOT; };
		E295D8560FBA0081001F55A4 /* GDataUtilities.h */ = {isa = PBXFileReference; fileEncoding = 4; lastKnownFileType = sourcecode.c.h; name = GDataUtilities.h; path = "../vendor/gdata-objectivec-client/Source/GDataUtilities.h"; sourceTree = SOURCE_ROOT; };
		E295D8570FBA0081001F55A4 /* GDataUtilities.m */ = {isa = PBXFileReference; fileEncoding = 4; lastKnownFileType = sourcecode.c.objc; name = GDataUtilities.m; path = "../vendor/gdata-objectivec-client/Source/GDataUtilities.m"; sourceTree = SOURCE_ROOT; };
		E295D8580FBA0081001F55A4 /* GDataTargetNamespace.h */ = {isa = PBXFileReference; fileEncoding = 4; lastKnownFileType = sourcecode.c.h; name = GDataTargetNamespace.h; path = "../vendor/gdata-objectivec-client/Source/GDataTargetNamespace.h"; sourceTree = SOURCE_ROOT; };
		E295D85A0FBA0081001F55A4 /* GDataObject.h */ = {isa = PBXFileReference; fileEncoding = 4; lastKnownFileType = sourcecode.c.h; name = GDataObject.h; path = "../vendor/gdata-objectivec-client/Source/BaseClasses/GDataObject.h"; sourceTree = SOURCE_ROOT; };
		E295D85B0FBA0081001F55A4 /* GDataObject.m */ = {isa = PBXFileReference; fileEncoding = 4; lastKnownFileType = sourcecode.c.objc; name = GDataObject.m; path = "../vendor/gdata-objectivec-client/Source/BaseClasses/GDataObject.m"; sourceTree = SOURCE_ROOT; };
		E295D85C0FBA0081001F55A4 /* GDataEntryBase.h */ = {isa = PBXFileReference; fileEncoding = 4; lastKnownFileType = sourcecode.c.h; name = GDataEntryBase.h; path = "../vendor/gdata-objectivec-client/Source/BaseClasses/GDataEntryBase.h"; sourceTree = SOURCE_ROOT; };
		E295D85D0FBA0081001F55A4 /* GDataEntryBase.m */ = {isa = PBXFileReference; fileEncoding = 4; lastKnownFileType = sourcecode.c.objc; name = GDataEntryBase.m; path = "../vendor/gdata-objectivec-client/Source/BaseClasses/GDataEntryBase.m"; sourceTree = SOURCE_ROOT; };
		E295D85E0FBA0081001F55A4 /* GDataFeedBase.h */ = {isa = PBXFileReference; fileEncoding = 4; lastKnownFileType = sourcecode.c.h; name = GDataFeedBase.h; path = "../vendor/gdata-objectivec-client/Source/BaseClasses/GDataFeedBase.h"; sourceTree = SOURCE_ROOT; };
		E295D85F0FBA0081001F55A4 /* GDataFeedBase.m */ = {isa = PBXFileReference; fileEncoding = 4; lastKnownFileType = sourcecode.c.objc; name = GDataFeedBase.m; path = "../vendor/gdata-objectivec-client/Source/BaseClasses/GDataFeedBase.m"; sourceTree = SOURCE_ROOT; };
		E295D8600FBA0081001F55A4 /* GDataQuery.h */ = {isa = PBXFileReference; fileEncoding = 4; lastKnownFileType = sourcecode.c.h; name = GDataQuery.h; path = "../vendor/gdata-objectivec-client/Source/BaseClasses/GDataQuery.h"; sourceTree = SOURCE_ROOT; };
		E295D8610FBA0081001F55A4 /* GDataQuery.m */ = {isa = PBXFileReference; fileEncoding = 4; lastKnownFileType = sourcecode.c.objc; name = GDataQuery.m; path = "../vendor/gdata-objectivec-client/Source/BaseClasses/GDataQuery.m"; sourceTree = SOURCE_ROOT; };
		E295D8620FBA0081001F55A4 /* GDataServiceBase.h */ = {isa = PBXFileReference; fileEncoding = 4; lastKnownFileType = sourcecode.c.h; name = GDataServiceBase.h; path = "../vendor/gdata-objectivec-client/Source/BaseClasses/GDataServiceBase.h"; sourceTree = SOURCE_ROOT; };
		E295D8630FBA0081001F55A4 /* GDataServiceBase.m */ = {isa = PBXFileReference; fileEncoding = 4; lastKnownFileType = sourcecode.c.objc; name = GDataServiceBase.m; path = "../vendor/gdata-objectivec-client/Source/BaseClasses/GDataServiceBase.m"; sourceTree = SOURCE_ROOT; };
		E295D8640FBA0081001F55A4 /* GDataServiceGoogle.h */ = {isa = PBXFileReference; fileEncoding = 4; lastKnownFileType = sourcecode.c.h; name = GDataServiceGoogle.h; path = "../vendor/gdata-objectivec-client/Source/BaseClasses/GDataServiceGoogle.h"; sourceTree = SOURCE_ROOT; };
		E295D8650FBA0081001F55A4 /* GDataServiceGoogle.m */ = {isa = PBXFileReference; fileEncoding = 4; lastKnownFileType = sourcecode.c.objc; name = GDataServiceGoogle.m; path = "../vendor/gdata-objectivec-client/Source/BaseClasses/GDataServiceGoogle.m"; sourceTree = SOURCE_ROOT; };
		E295D8670FBA0081001F55A4 /* GDataElements.h */ = {isa = PBXFileReference; fileEncoding = 4; lastKnownFileType = sourcecode.c.h; name = GDataElements.h; path = "../vendor/gdata-objectivec-client/Source/Elements/GDataElements.h"; sourceTree = SOURCE_ROOT; };
		E295D8680FBA0081001F55A4 /* GDataBaseElements.m */ = {isa = PBXFileReference; fileEncoding = 4; lastKnownFileType = sourcecode.c.objc; name = GDataBaseElements.m; path = "../vendor/gdata-objectivec-client/Source/Elements/GDataBaseElements.m"; sourceTree = SOURCE_ROOT; };
		E295D8690FBA0081001F55A4 /* GDataBaseElements.h */ = {isa = PBXFileReference; fileEncoding = 4; lastKnownFileType = sourcecode.c.h; name = GDataBaseElements.h; path = "../vendor/gdata-objectivec-client/Source/Elements/GDataBaseElements.h"; sourceTree = SOURCE_ROOT; };
		E295D86A0FBA0081001F55A4 /* GDataAtomPubControl.h */ = {isa = PBXFileReference; fileEncoding = 4; lastKnownFileType = sourcecode.c.h; name = GDataAtomPubControl.h; path = "../vendor/gdata-objectivec-client/Source/Elements/GDataAtomPubControl.h"; sourceTree = SOURCE_ROOT; };
		E295D86B0FBA0081001F55A4 /* GDataAtomPubControl.m */ = {isa = PBXFileReference; fileEncoding = 4; lastKnownFileType = sourcecode.c.objc; name = GDataAtomPubControl.m; path = "../vendor/gdata-objectivec-client/Source/Elements/GDataAtomPubControl.m"; sourceTree = SOURCE_ROOT; };
		E295D86C0FBA0081001F55A4 /* GDataLink.h */ = {isa = PBXFileReference; fileEncoding = 4; lastKnownFileType = sourcecode.c.h; name = GDataLink.h; path = "../vendor/gdata-objectivec-client/Source/Elements/GDataLink.h"; sourceTree = SOURCE_ROOT; };
		E295D86D0FBA0081001F55A4 /* GDataLink.m */ = {isa = PBXFileReference; fileEncoding = 4; lastKnownFileType = sourcecode.c.objc; name = GDataLink.m; path = "../vendor/gdata-objectivec-client/Source/Elements/GDataLink.m"; sourceTree = SOURCE_ROOT; };
		E295D86E0FBA0081001F55A4 /* GDataPerson.h */ = {isa = PBXFileReference; fileEncoding = 4; lastKnownFileType = sourcecode.c.h; name = GDataPerson.h; path = "../vendor/gdata-objectivec-client/Source/Elements/GDataPerson.h"; sourceTree = SOURCE_ROOT; };
		E295D86F0FBA0081001F55A4 /* GDataPerson.m */ = {isa = PBXFileReference; fileEncoding = 4; lastKnownFileType = sourcecode.c.objc; name = GDataPerson.m; path = "../vendor/gdata-objectivec-client/Source/Elements/GDataPerson.m"; sourceTree = SOURCE_ROOT; };
		E295D8700FBA0081001F55A4 /* GDataComment.h */ = {isa = PBXFileReference; fileEncoding = 4; lastKnownFileType = sourcecode.c.h; name = GDataComment.h; path = "../vendor/gdata-objectivec-client/Source/Elements/GDataComment.h"; sourceTree = SOURCE_ROOT; };
		E295D8710FBA0081001F55A4 /* GDataComment.m */ = {isa = PBXFileReference; fileEncoding = 4; lastKnownFileType = sourcecode.c.objc; name = GDataComment.m; path = "../vendor/gdata-objectivec-client/Source/Elements/GDataComment.m"; sourceTree = SOURCE_ROOT; };
		E295D8720FBA0081001F55A4 /* GDataEntryLink.h */ = {isa = PBXFileReference; fileEncoding = 4; lastKnownFileType = sourcecode.c.h; name = GDataEntryLink.h; path = "../vendor/gdata-objectivec-client/Source/Elements/GDataEntryLink.h"; sourceTree = SOURCE_ROOT; };
		E295D8730FBA0081001F55A4 /* GDataEntryLink.m */ = {isa = PBXFileReference; fileEncoding = 4; lastKnownFileType = sourcecode.c.objc; name = GDataEntryLink.m; path = "../vendor/gdata-objectivec-client/Source/Elements/GDataEntryLink.m"; sourceTree = SOURCE_ROOT; };
		E295D8740FBA0081001F55A4 /* GDataFeedLink.h */ = {isa = PBXFileReference; fileEncoding = 4; lastKnownFileType = sourcecode.c.h; name = GDataFeedLink.h; path = "../vendor/gdata-objectivec-client/Source/Elements/GDataFeedLink.h"; sourceTree = SOURCE_ROOT; };
		E295D8750FBA0081001F55A4 /* GDataFeedLink.m */ = {isa = PBXFileReference; fileEncoding = 4; lastKnownFileType = sourcecode.c.objc; name = GDataFeedLink.m; path = "../vendor/gdata-objectivec-client/Source/Elements/GDataFeedLink.m"; sourceTree = SOURCE_ROOT; };
		E295D8760FBA0081001F55A4 /* GDataCategory.m */ = {isa = PBXFileReference; fileEncoding = 4; lastKnownFileType = sourcecode.c.objc; name = GDataCategory.m; path = "../vendor/gdata-objectivec-client/Source/Elements/GDataCategory.m"; sourceTree = SOURCE_ROOT; };
		E295D8770FBA0081001F55A4 /* GDataCategory.h */ = {isa = PBXFileReference; fileEncoding = 4; lastKnownFileType = sourcecode.c.h; name = GDataCategory.h; path = "../vendor/gdata-objectivec-client/Source/Elements/GDataCategory.h"; sourceTree = SOURCE_ROOT; };
		E295D8780FBA0081001F55A4 /* GDataDeleted.h */ = {isa = PBXFileReference; fileEncoding = 4; lastKnownFileType = sourcecode.c.h; name = GDataDeleted.h; path = "../vendor/gdata-objectivec-client/Source/Elements/GDataDeleted.h"; sourceTree = SOURCE_ROOT; };
		E295D8790FBA0081001F55A4 /* GDataDeleted.m */ = {isa = PBXFileReference; fileEncoding = 4; lastKnownFileType = sourcecode.c.objc; name = GDataDeleted.m; path = "../vendor/gdata-objectivec-client/Source/Elements/GDataDeleted.m"; sourceTree = SOURCE_ROOT; };
		E295D87A0FBA0081001F55A4 /* GDataMoney.m */ = {isa = PBXFileReference; fileEncoding = 4; lastKnownFileType = sourcecode.c.objc; name = GDataMoney.m; path = "../vendor/gdata-objectivec-client/Source/Elements/GDataMoney.m"; sourceTree = SOURCE_ROOT; };
		E295D87B0FBA0081001F55A4 /* GDataMoney.h */ = {isa = PBXFileReference; fileEncoding = 4; lastKnownFileType = sourcecode.c.h; name = GDataMoney.h; path = "../vendor/gdata-objectivec-client/Source/Elements/GDataMoney.h"; sourceTree = SOURCE_ROOT; };
		E295D87C0FBA0081001F55A4 /* GDataWho.m */ = {isa = PBXFileReference; fileEncoding = 4; lastKnownFileType = sourcecode.c.objc; name = GDataWho.m; path = "../vendor/gdata-objectivec-client/Source/Elements/GDataWho.m"; sourceTree = SOURCE_ROOT; };
		E295D87D0FBA0081001F55A4 /* GDataWho.h */ = {isa = PBXFileReference; fileEncoding = 4; lastKnownFileType = sourcecode.c.h; name = GDataWho.h; path = "../vendor/gdata-objectivec-client/Source/Elements/GDataWho.h"; sourceTree = SOURCE_ROOT; };
		E295D87E0FBA0081001F55A4 /* GDataWhere.h */ = {isa = PBXFileReference; fileEncoding = 4; lastKnownFileType = sourcecode.c.h; name = GDataWhere.h; path = "../vendor/gdata-objectivec-client/Source/Elements/GDataWhere.h"; sourceTree = SOURCE_ROOT; };
		E295D87F0FBA0081001F55A4 /* GDataWhere.m */ = {isa = PBXFileReference; fileEncoding = 4; lastKnownFileType = sourcecode.c.objc; name = GDataWhere.m; path = "../vendor/gdata-objectivec-client/Source/Elements/GDataWhere.m"; sourceTree = SOURCE_ROOT; };
		E295D8800FBA0081001F55A4 /* GDataWhen.h */ = {isa = PBXFileReference; fileEncoding = 4; lastKnownFileType = sourcecode.c.h; name = GDataWhen.h; path = "../vendor/gdata-objectivec-client/Source/Elements/GDataWhen.h"; sourceTree = SOURCE_ROOT; };
		E295D8810FBA0081001F55A4 /* GDataWhen.m */ = {isa = PBXFileReference; fileEncoding = 4; lastKnownFileType = sourcecode.c.objc; name = GDataWhen.m; path = "../vendor/gdata-objectivec-client/Source/Elements/GDataWhen.m"; sourceTree = SOURCE_ROOT; };
		E295D8820FBA0081001F55A4 /* GDataWhere.h */ = {isa = PBXFileReference; fileEncoding = 4; lastKnownFileType = sourcecode.c.h; name = GDataWhere.h; path = "../vendor/gdata-objectivec-client/Source/Elements/GDataWhere.h"; sourceTree = SOURCE_ROOT; };
		E295D8830FBA0081001F55A4 /* GDataGenerator.m */ = {isa = PBXFileReference; fileEncoding = 4; lastKnownFileType = sourcecode.c.objc; name = GDataGenerator.m; path = "../vendor/gdata-objectivec-client/Source/Elements/GDataGenerator.m"; sourceTree = SOURCE_ROOT; };
		E295D8840FBA0081001F55A4 /* GDataGenerator.h */ = {isa = PBXFileReference; fileEncoding = 4; lastKnownFileType = sourcecode.c.h; name = GDataGenerator.h; path = "../vendor/gdata-objectivec-client/Source/Elements/GDataGenerator.h"; sourceTree = SOURCE_ROOT; };
		E295D8850FBA0081001F55A4 /* GDataTextConstruct.h */ = {isa = PBXFileReference; fileEncoding = 4; lastKnownFileType = sourcecode.c.h; name = GDataTextConstruct.h; path = "../vendor/gdata-objectivec-client/Source/Elements/GDataTextConstruct.h"; sourceTree = SOURCE_ROOT; };
		E295D8860FBA0081001F55A4 /* GDataTextConstruct.m */ = {isa = PBXFileReference; fileEncoding = 4; lastKnownFileType = sourcecode.c.objc; name = GDataTextConstruct.m; path = "../vendor/gdata-objectivec-client/Source/Elements/GDataTextConstruct.m"; sourceTree = SOURCE_ROOT; };
		E295D8870FBA0081001F55A4 /* GDataValueConstruct.h */ = {isa = PBXFileReference; fileEncoding = 4; lastKnownFileType = sourcecode.c.h; name = GDataValueConstruct.h; path = "../vendor/gdata-objectivec-client/Source/Elements/GDataValueConstruct.h"; sourceTree = SOURCE_ROOT; };
		E295D8880FBA0081001F55A4 /* GDataValueConstruct.m */ = {isa = PBXFileReference; fileEncoding = 4; lastKnownFileType = sourcecode.c.objc; name = GDataValueConstruct.m; path = "../vendor/gdata-objectivec-client/Source/Elements/GDataValueConstruct.m"; sourceTree = SOURCE_ROOT; };
		E295D8890FBA0081001F55A4 /* GDataExtendedProperty.h */ = {isa = PBXFileReference; fileEncoding = 4; lastKnownFileType = sourcecode.c.h; name = GDataExtendedProperty.h; path = "../vendor/gdata-objectivec-client/Source/Elements/GDataExtendedProperty.h"; sourceTree = SOURCE_ROOT; };
		E295D88A0FBA0081001F55A4 /* GDataExtendedProperty.m */ = {isa = PBXFileReference; fileEncoding = 4; lastKnownFileType = sourcecode.c.objc; name = GDataExtendedProperty.m; path = "../vendor/gdata-objectivec-client/Source/Elements/GDataExtendedProperty.m"; sourceTree = SOURCE_ROOT; };
		E295D88B0FBA0081001F55A4 /* GDataEntryContent.h */ = {isa = PBXFileReference; fileEncoding = 4; lastKnownFileType = sourcecode.c.h; name = GDataEntryContent.h; path = "../vendor/gdata-objectivec-client/Source/Elements/GDataEntryContent.h"; sourceTree = SOURCE_ROOT; };
		E295D88C0FBA0081001F55A4 /* GDataEntryContent.m */ = {isa = PBXFileReference; fileEncoding = 4; lastKnownFileType = sourcecode.c.objc; name = GDataEntryContent.m; path = "../vendor/gdata-objectivec-client/Source/Elements/GDataEntryContent.m"; sourceTree = SOURCE_ROOT; };
		E295D88D0FBA0081001F55A4 /* GDataEmail.h */ = {isa = PBXFileReference; fileEncoding = 4; lastKnownFileType = sourcecode.c.h; name = GDataEmail.h; path = "../vendor/gdata-objectivec-client/Source/Elements/GDataEmail.h"; sourceTree = SOURCE_ROOT; };
		E295D88E0FBA0081001F55A4 /* GDataEmail.m */ = {isa = PBXFileReference; fileEncoding = 4; lastKnownFileType = sourcecode.c.objc; name = GDataEmail.m; path = "../vendor/gdata-objectivec-client/Source/Elements/GDataEmail.m"; sourceTree = SOURCE_ROOT; };
		E295D88F0FBA0081001F55A4 /* GDataGeoPt.h */ = {isa = PBXFileReference; fileEncoding = 4; lastKnownFileType = sourcecode.c.h; name = GDataGeoPt.h; path = "../vendor/gdata-objectivec-client/Source/Elements/GDataGeoPt.h"; sourceTree = SOURCE_ROOT; };
		E295D8900FBA0081001F55A4 /* GDataGeoPt.m */ = {isa = PBXFileReference; fileEncoding = 4; lastKnownFileType = sourcecode.c.objc; name = GDataGeoPt.m; path = "../vendor/gdata-objectivec-client/Source/Elements/GDataGeoPt.m"; sourceTree = SOURCE_ROOT; };
		E295D8910FBA0081001F55A4 /* GDataIM.h */ = {isa = PBXFileReference; fileEncoding = 4; lastKnownFileType = sourcecode.c.h; name = GDataIM.h; path = "../vendor/gdata-objectivec-client/Source/Elements/GDataIM.h"; sourceTree = SOURCE_ROOT; };
		E295D8920FBA0081001F55A4 /* GDataIM.m */ = {isa = PBXFileReference; fileEncoding = 4; lastKnownFileType = sourcecode.c.objc; name = GDataIM.m; path = "../vendor/gdata-objectivec-client/Source/Elements/GDataIM.m"; sourceTree = SOURCE_ROOT; };
		E295D8930FBA0081001F55A4 /* GDataOrganization.h */ = {isa = PBXFileReference; fileEncoding = 4; lastKnownFileType = sourcecode.c.h; name = GDataOrganization.h; path = "../vendor/gdata-objectivec-client/Source/Elements/GDataOrganization.h"; sourceTree = SOURCE_ROOT; };
		E295D8940FBA0081001F55A4 /* GDataOrganization.m */ = {isa = PBXFileReference; fileEncoding = 4; lastKnownFileType = sourcecode.c.objc; name = GDataOrganization.m; path = "../vendor/gdata-objectivec-client/Source/Elements/GDataOrganization.m"; sourceTree = SOURCE_ROOT; };
		E295D8950FBA0081001F55A4 /* GDataPhoneNumber.h */ = {isa = PBXFileReference; fileEncoding = 4; lastKnownFileType = sourcecode.c.h; name = GDataPhoneNumber.h; path = "../vendor/gdata-objectivec-client/Source/Elements/GDataPhoneNumber.h"; sourceTree = SOURCE_ROOT; };
		E295D8960FBA0081001F55A4 /* GDataPhoneNumber.m */ = {isa = PBXFileReference; fileEncoding = 4; lastKnownFileType = sourcecode.c.objc; name = GDataPhoneNumber.m; path = "../vendor/gdata-objectivec-client/Source/Elements/GDataPhoneNumber.m"; sourceTree = SOURCE_ROOT; };
		E295D8970FBA0081001F55A4 /* GDataPostalAddress.h */ = {isa = PBXFileReference; fileEncoding = 4; lastKnownFileType = sourcecode.c.h; name = GDataPostalAddress.h; path = "../vendor/gdata-objectivec-client/Source/Elements/GDataPostalAddress.h"; sourceTree = SOURCE_ROOT; };
		E295D8980FBA0081001F55A4 /* GDataPostalAddress.m */ = {isa = PBXFileReference; fileEncoding = 4; lastKnownFileType = sourcecode.c.objc; name = GDataPostalAddress.m; path = "../vendor/gdata-objectivec-client/Source/Elements/GDataPostalAddress.m"; sourceTree = SOURCE_ROOT; };
		E295D8990FBA0081001F55A4 /* GDataRating.h */ = {isa = PBXFileReference; fileEncoding = 4; lastKnownFileType = sourcecode.c.h; name = GDataRating.h; path = "../vendor/gdata-objectivec-client/Source/Elements/GDataRating.h"; sourceTree = SOURCE_ROOT; };
		E295D89A0FBA0081001F55A4 /* GDataRating.m */ = {isa = PBXFileReference; fileEncoding = 4; lastKnownFileType = sourcecode.c.objc; name = GDataRating.m; path = "../vendor/gdata-objectivec-client/Source/Elements/GDataRating.m"; sourceTree = SOURCE_ROOT; };
		E295D89B0FBA0081001F55A4 /* GDataDateTime.h */ = {isa = PBXFileReference; fileEncoding = 4; lastKnownFileType = sourcecode.c.h; name = GDataDateTime.h; path = "../vendor/gdata-objectivec-client/Source/Elements/GDataDateTime.h"; sourceTree = SOURCE_ROOT; };
		E295D89C0FBA0081001F55A4 /* GDataDateTime.m */ = {isa = PBXFileReference; fileEncoding = 4; lastKnownFileType = sourcecode.c.objc; name = GDataDateTime.m; path = "../vendor/gdata-objectivec-client/Source/Elements/GDataDateTime.m"; sourceTree = SOURCE_ROOT; };
		E295D89D0FBA0081001F55A4 /* GDataBatchOperation.h */ = {isa = PBXFileReference; fileEncoding = 4; lastKnownFileType = sourcecode.c.h; name = GDataBatchOperation.h; path = "../vendor/gdata-objectivec-client/Source/Elements/GDataBatchOperation.h"; sourceTree = SOURCE_ROOT; };
		E295D89E0FBA0081001F55A4 /* GDataBatchOperation.m */ = {isa = PBXFileReference; fileEncoding = 4; lastKnownFileType = sourcecode.c.objc; name = GDataBatchOperation.m; path = "../vendor/gdata-objectivec-client/Source/Elements/GDataBatchOperation.m"; sourceTree = SOURCE_ROOT; };
		E295D89F0FBA0081001F55A4 /* GDataBatchID.h */ = {isa = PBXFileReference; fileEncoding = 4; lastKnownFileType = sourcecode.c.h; name = GDataBatchID.h; path = "../vendor/gdata-objectivec-client/Source/Elements/GDataBatchID.h"; sourceTree = SOURCE_ROOT; };
		E295D8A00FBA0081001F55A4 /* GDataBatchID.m */ = {isa = PBXFileReference; fileEncoding = 4; lastKnownFileType = sourcecode.c.objc; name = GDataBatchID.m; path = "../vendor/gdata-objectivec-client/Source/Elements/GDataBatchID.m"; sourceTree = SOURCE_ROOT; };
		E295D8A10FBA0081001F55A4 /* GDataBatchStatus.h */ = {isa = PBXFileReference; fileEncoding = 4; lastKnownFileType = sourcecode.c.h; name = GDataBatchStatus.h; path = "../vendor/gdata-objectivec-client/Source/Elements/GDataBatchStatus.h"; sourceTree = SOURCE_ROOT; };
		E295D8A20FBA0081001F55A4 /* GDataBatchStatus.m */ = {isa = PBXFileReference; fileEncoding = 4; lastKnownFileType = sourcecode.c.objc; name = GDataBatchStatus.m; path = "../vendor/gdata-objectivec-client/Source/Elements/GDataBatchStatus.m"; sourceTree = SOURCE_ROOT; };
		E295D8A30FBA0081001F55A4 /* GDataBatchInterrupted.h */ = {isa = PBXFileReference; fileEncoding = 4; lastKnownFileType = sourcecode.c.h; name = GDataBatchInterrupted.h; path = "../vendor/gdata-objectivec-client/Source/Elements/GDataBatchInterrupted.h"; sourceTree = SOURCE_ROOT; };
		E295D8A40FBA0081001F55A4 /* GDataBatchInterrupted.m */ = {isa = PBXFileReference; fileEncoding = 4; lastKnownFileType = sourcecode.c.objc; name = GDataBatchInterrupted.m; path = "../vendor/gdata-objectivec-client/Source/Elements/GDataBatchInterrupted.m"; sourceTree = SOURCE_ROOT; };
		E295D8A60FBA0081001F55A4 /* GDataHTTPFetcher.h */ = {isa = PBXFileReference; fileEncoding = 4; lastKnownFileType = sourcecode.c.h; name = GDataHTTPFetcher.h; path = "../vendor/gdata-objectivec-client/Source/Networking/GDataHTTPFetcher.h"; sourceTree = SOURCE_ROOT; };
		E295D8A70FBA0081001F55A4 /* GDataHTTPFetcher.m */ = {isa = PBXFileReference; fileEncoding = 4; lastKnownFileType = sourcecode.c.objc; name = GDataHTTPFetcher.m; path = "../vendor/gdata-objectivec-client/Source/Networking/GDataHTTPFetcher.m"; sourceTree = SOURCE_ROOT; };
		E295D8A80FBA0081001F55A4 /* GDataHTTPFetcherLogging.h */ = {isa = PBXFileReference; fileEncoding = 4; lastKnownFileType = sourcecode.c.h; name = GDataHTTPFetcherLogging.h; path = "../vendor/gdata-objectivec-client/Source/Networking/GDataHTTPFetcherLogging.h"; sourceTree = SOURCE_ROOT; };
		E295D8A90FBA0081001F55A4 /* GDataHTTPFetcherLogging.m */ = {isa = PBXFileReference; fileEncoding = 4; lastKnownFileType = sourcecode.c.objc; name = GDataHTTPFetcherLogging.m; path = "../vendor/gdata-objectivec-client/Source/Networking/GDataHTTPFetcherLogging.m"; sourceTree = SOURCE_ROOT; };
		E295D8AA0FBA0081001F55A4 /* GDataProgressMonitorInputStream.h */ = {isa = PBXFileReference; fileEncoding = 4; lastKnownFileType = sourcecode.c.h; name = GDataProgressMonitorInputStream.h; path = "../vendor/gdata-objectivec-client/Source/Networking/GDataProgressMonitorInputStream.h"; sourceTree = SOURCE_ROOT; };
		E295D8AB0FBA0081001F55A4 /* GDataProgressMonitorInputStream.m */ = {isa = PBXFileReference; fileEncoding = 4; lastKnownFileType = sourcecode.c.objc; name = GDataProgressMonitorInputStream.m; path = "../vendor/gdata-objectivec-client/Source/Networking/GDataProgressMonitorInputStream.m"; sourceTree = SOURCE_ROOT; };
		E295D8AC0FBA0081001F55A4 /* GDataGatherInputStream.h */ = {isa = PBXFileReference; fileEncoding = 4; lastKnownFileType = sourcecode.c.h; name = GDataGatherInputStream.h; path = "../vendor/gdata-objectivec-client/Source/Networking/GDataGatherInputStream.h"; sourceTree = SOURCE_ROOT; };
		E295D8AD0FBA0081001F55A4 /* GDataGatherInputStream.m */ = {isa = PBXFileReference; fileEncoding = 4; lastKnownFileType = sourcecode.c.objc; name = GDataGatherInputStream.m; path = "../vendor/gdata-objectivec-client/Source/Networking/GDataGatherInputStream.m"; sourceTree = SOURCE_ROOT; };
		E295D8AE0FBA0081001F55A4 /* GDataMIMEDocument.h */ = {isa = PBXFileReference; fileEncoding = 4; lastKnownFileType = sourcecode.c.h; name = GDataMIMEDocument.h; path = "../vendor/gdata-objectivec-client/Source/Networking/GDataMIMEDocument.h"; sourceTree = SOURCE_ROOT; };
		E295D8AF0FBA0081001F55A4 /* GDataMIMEDocument.m */ = {isa = PBXFileReference; fileEncoding = 4; lastKnownFileType = sourcecode.c.objc; name = GDataMIMEDocument.m; path = "../vendor/gdata-objectivec-client/Source/Networking/GDataMIMEDocument.m"; sourceTree = SOURCE_ROOT; };
		E295D8B00FBA0081001F55A4 /* GDataServerError.h */ = {isa = PBXFileReference; fileEncoding = 4; lastKnownFileType = sourcecode.c.h; name = GDataServerError.h; path = "../vendor/gdata-objectivec-client/Source/Networking/GDataServerError.h"; sourceTree = SOURCE_ROOT; };
		E295D8B10FBA0081001F55A4 /* GDataServerError.m */ = {isa = PBXFileReference; fileEncoding = 4; lastKnownFileType = sourcecode.c.objc; name = GDataServerError.m; path = "../vendor/gdata-objectivec-client/Source/Networking/GDataServerError.m"; sourceTree = SOURCE_ROOT; };
		E295D8B30FBA0081001F55A4 /* GDataMedia.h */ = {isa = PBXFileReference; fileEncoding = 4; lastKnownFileType = sourcecode.c.h; name = GDataMedia.h; path = "../vendor/gdata-objectivec-client/Source/Media/GDataMedia.h"; sourceTree = SOURCE_ROOT; };
		E295D8B40FBA0081001F55A4 /* GDataNormalPlayTime.m */ = {isa = PBXFileReference; fileEncoding = 4; lastKnownFileType = sourcecode.c.objc; name = GDataNormalPlayTime.m; path = "../vendor/gdata-objectivec-client/Source/Media/GDataNormalPlayTime.m"; sourceTree = SOURCE_ROOT; };
		E295D8B50FBA0081001F55A4 /* GDataNormalPlayTime.h */ = {isa = PBXFileReference; fileEncoding = 4; lastKnownFileType = sourcecode.c.h; name = GDataNormalPlayTime.h; path = "../vendor/gdata-objectivec-client/Source/Media/GDataNormalPlayTime.h"; sourceTree = SOURCE_ROOT; };
		E295D8B60FBA0081001F55A4 /* GDataMediaThumbnail.m */ = {isa = PBXFileReference; fileEncoding = 4; lastKnownFileType = sourcecode.c.objc; name = GDataMediaThumbnail.m; path = "../vendor/gdata-objectivec-client/Source/Media/GDataMediaThumbnail.m"; sourceTree = SOURCE_ROOT; };
		E295D8B70FBA0081001F55A4 /* GDataMediaThumbnail.h */ = {isa = PBXFileReference; fileEncoding = 4; lastKnownFileType = sourcecode.c.h; name = GDataMediaThumbnail.h; path = "../vendor/gdata-objectivec-client/Source/Media/GDataMediaThumbnail.h"; sourceTree = SOURCE_ROOT; };
		E295D8B80FBA0081001F55A4 /* GDataMediaKeywords.m */ = {isa = PBXFileReference; fileEncoding = 4; lastKnownFileType = sourcecode.c.objc; name = GDataMediaKeywords.m; path = "../vendor/gdata-objectivec-client/Source/Media/GDataMediaKeywords.m"; sourceTree = SOURCE_ROOT; };
		E295D8B90FBA0081001F55A4 /* GDataMediaKeywords.h */ = {isa = PBXFileReference; fileEncoding = 4; lastKnownFileType = sourcecode.c.h; name = GDataMediaKeywords.h; path = "../vendor/gdata-objectivec-client/Source/Media/GDataMediaKeywords.h"; sourceTree = SOURCE_ROOT; };
		E295D8BA0FBA0081001F55A4 /* GDataMediaGroup.m */ = {isa = PBXFileReference; fileEncoding = 4; lastKnownFileType = sourcecode.c.objc; name = GDataMediaGroup.m; path = "../vendor/gdata-objectivec-client/Source/Media/GDataMediaGroup.m"; sourceTree = SOURCE_ROOT; };
		E295D8BB0FBA0081001F55A4 /* GDataMediaGroup.h */ = {isa = PBXFileReference; fileEncoding = 4; lastKnownFileType = sourcecode.c.h; name = GDataMediaGroup.h; path = "../vendor/gdata-objectivec-client/Source/Media/GDataMediaGroup.h"; sourceTree = SOURCE_ROOT; };
		E295D8BC0FBA0081001F55A4 /* GDataMediaContent.m */ = {isa = PBXFileReference; fileEncoding = 4; lastKnownFileType = sourcecode.c.objc; name = GDataMediaContent.m; path = "../vendor/gdata-objectivec-client/Source/Media/GDataMediaContent.m"; sourceTree = SOURCE_ROOT; };
		E295D8BD0FBA0081001F55A4 /* GDataMediaContent.h */ = {isa = PBXFileReference; fileEncoding = 4; lastKnownFileType = sourcecode.c.h; name = GDataMediaContent.h; path = "../vendor/gdata-objectivec-client/Source/Media/GDataMediaContent.h"; sourceTree = SOURCE_ROOT; };
		E295D8BE0FBA0081001F55A4 /* GDataMediaCredit.m */ = {isa = PBXFileReference; fileEncoding = 4; lastKnownFileType = sourcecode.c.objc; name = GDataMediaCredit.m; path = "../vendor/gdata-objectivec-client/Source/Media/GDataMediaCredit.m"; sourceTree = SOURCE_ROOT; };
		E295D8BF0FBA0081001F55A4 /* GDataMediaCredit.h */ = {isa = PBXFileReference; fileEncoding = 4; lastKnownFileType = sourcecode.c.h; name = GDataMediaCredit.h; path = "../vendor/gdata-objectivec-client/Source/Media/GDataMediaCredit.h"; sourceTree = SOURCE_ROOT; };
		E295D8C00FBA0081001F55A4 /* GDataMediaCategory.h */ = {isa = PBXFileReference; fileEncoding = 4; lastKnownFileType = sourcecode.c.h; name = GDataMediaCategory.h; path = "../vendor/gdata-objectivec-client/Source/Media/GDataMediaCategory.h"; sourceTree = SOURCE_ROOT; };
		E295D8C10FBA0081001F55A4 /* GDataMediaCategory.m */ = {isa = PBXFileReference; fileEncoding = 4; lastKnownFileType = sourcecode.c.objc; name = GDataMediaCategory.m; path = "../vendor/gdata-objectivec-client/Source/Media/GDataMediaCategory.m"; sourceTree = SOURCE_ROOT; };
		E295D8C20FBA0081001F55A4 /* GDataMediaPlayer.h */ = {isa = PBXFileReference; fileEncoding = 4; lastKnownFileType = sourcecode.c.h; name = GDataMediaPlayer.h; path = "../vendor/gdata-objectivec-client/Source/Media/GDataMediaPlayer.h"; sourceTree = SOURCE_ROOT; };
		E295D8C30FBA0081001F55A4 /* GDataMediaPlayer.m */ = {isa = PBXFileReference; fileEncoding = 4; lastKnownFileType = sourcecode.c.objc; name = GDataMediaPlayer.m; path = "../vendor/gdata-objectivec-client/Source/Media/GDataMediaPlayer.m"; sourceTree = SOURCE_ROOT; };
		E295D8C40FBA0081001F55A4 /* GDataMediaRating.h */ = {isa = PBXFileReference; fileEncoding = 4; lastKnownFileType = sourcecode.c.h; name = GDataMediaRating.h; path = "../vendor/gdata-objectivec-client/Source/Media/GDataMediaRating.h"; sourceTree = SOURCE_ROOT; };
		E295D8C50FBA0081001F55A4 /* GDataMediaRating.m */ = {isa = PBXFileReference; fileEncoding = 4; lastKnownFileType = sourcecode.c.objc; name = GDataMediaRating.m; path = "../vendor/gdata-objectivec-client/Source/Media/GDataMediaRating.m"; sourceTree = SOURCE_ROOT; };
		E295D8C60FBA0081001F55A4 /* GDataMediaRestriction.h */ = {isa = PBXFileReference; fileEncoding = 4; lastKnownFileType = sourcecode.c.h; name = GDataMediaRestriction.h; path = "../vendor/gdata-objectivec-client/Source/Media/GDataMediaRestriction.h"; sourceTree = SOURCE_ROOT; };
		E295D8C70FBA0081001F55A4 /* GDataMediaRestriction.m */ = {isa = PBXFileReference; fileEncoding = 4; lastKnownFileType = sourcecode.c.objc; name = GDataMediaRestriction.m; path = "../vendor/gdata-objectivec-client/Source/Media/GDataMediaRestriction.m"; sourceTree = SOURCE_ROOT; };
		E295D8C90FBA0081001F55A4 /* GDataGeo.h */ = {isa = PBXFileReference; fileEncoding = 4; lastKnownFileType = sourcecode.c.h; name = GDataGeo.h; path = "../vendor/gdata-objectivec-client/Source/Geo/GDataGeo.h"; sourceTree = SOURCE_ROOT; };
		E295D8CA0FBA0081001F55A4 /* GDataGeo.m */ = {isa = PBXFileReference; fileEncoding = 4; lastKnownFileType = sourcecode.c.objc; name = GDataGeo.m; path = "../vendor/gdata-objectivec-client/Source/Geo/GDataGeo.m"; sourceTree = SOURCE_ROOT; };
		E295D8CD0FBA0081001F55A4 /* GDataXMLNode.h */ = {isa = PBXFileReference; fileEncoding = 4; lastKnownFileType = sourcecode.c.h; name = GDataXMLNode.h; path = "../vendor/gdata-objectivec-client/Source/XMLSupport/GDataXMLNode.h"; sourceTree = SOURCE_ROOT; };
		E295D8CE0FBA0081001F55A4 /* GDataXMLNode.m */ = {isa = PBXFileReference; fileEncoding = 4; lastKnownFileType = sourcecode.c.objc; name = GDataXMLNode.m; path = "../vendor/gdata-objectivec-client/Source/XMLSupport/GDataXMLNode.m"; sourceTree = SOURCE_ROOT; };
		E295D8D00FBA0081001F55A4 /* GDataACL.h */ = {isa = PBXFileReference; fileEncoding = 4; lastKnownFileType = sourcecode.c.h; name = GDataACL.h; path = "../vendor/gdata-objectivec-client/Source/ACL/GDataACL.h"; sourceTree = SOURCE_ROOT; };
		E295D8D10FBA0081001F55A4 /* GDataEntryACL.h */ = {isa = PBXFileReference; fileEncoding = 4; lastKnownFileType = sourcecode.c.h; name = GDataEntryACL.h; path = "../vendor/gdata-objectivec-client/Source/ACL/GDataEntryACL.h"; sourceTree = SOURCE_ROOT; };
		E295D8D20FBA0081001F55A4 /* GDataEntryACL.m */ = {isa = PBXFileReference; fileEncoding = 4; lastKnownFileType = sourcecode.c.objc; name = GDataEntryACL.m; path = "../vendor/gdata-objectivec-client/Source/ACL/GDataEntryACL.m"; sourceTree = SOURCE_ROOT; };
		E295D8D30FBA0081001F55A4 /* GDataFeedACL.h */ = {isa = PBXFileReference; fileEncoding = 4; lastKnownFileType = sourcecode.c.h; name = GDataFeedACL.h; path = "../vendor/gdata-objectivec-client/Source/ACL/GDataFeedACL.h"; sourceTree = SOURCE_ROOT; };
		E295D8D40FBA0081001F55A4 /* GDataFeedACL.m */ = {isa = PBXFileReference; fileEncoding = 4; lastKnownFileType = sourcecode.c.objc; name = GDataFeedACL.m; path = "../vendor/gdata-objectivec-client/Source/ACL/GDataFeedACL.m"; sourceTree = SOURCE_ROOT; };
		E295D8D50FBA0081001F55A4 /* GDataACLScope.h */ = {isa = PBXFileReference; fileEncoding = 4; lastKnownFileType = sourcecode.c.h; name = GDataACLScope.h; path = "../vendor/gdata-objectivec-client/Source/ACL/GDataACLScope.h"; sourceTree = SOURCE_ROOT; };
		E295D8D60FBA0081001F55A4 /* GDataACLScope.m */ = {isa = PBXFileReference; fileEncoding = 4; lastKnownFileType = sourcecode.c.objc; name = GDataACLScope.m; path = "../vendor/gdata-objectivec-client/Source/ACL/GDataACLScope.m"; sourceTree = SOURCE_ROOT; };
		E295D8D70FBA0081001F55A4 /* GDataACLRole.h */ = {isa = PBXFileReference; fileEncoding = 4; lastKnownFileType = sourcecode.c.h; name = GDataACLRole.h; path = "../vendor/gdata-objectivec-client/Source/ACL/GDataACLRole.h"; sourceTree = SOURCE_ROOT; };
		E295D8D80FBA0081001F55A4 /* GDataACLRole.m */ = {isa = PBXFileReference; fileEncoding = 4; lastKnownFileType = sourcecode.c.objc; name = GDataACLRole.m; path = "../vendor/gdata-objectivec-client/Source/ACL/GDataACLRole.m"; sourceTree = SOURCE_ROOT; };
		E295D8D90FBA0081001F55A4 /* GDataServiceACL.h */ = {isa = PBXFileReference; fileEncoding = 4; lastKnownFileType = sourcecode.c.h; name = GDataServiceACL.h; path = "../vendor/gdata-objectivec-client/Source/ACL/GDataServiceACL.h"; sourceTree = SOURCE_ROOT; };
		E295D8DA0FBA0081001F55A4 /* GDataServiceACL.m */ = {isa = PBXFileReference; fileEncoding = 4; lastKnownFileType = sourcecode.c.objc; name = GDataServiceACL.m; path = "../vendor/gdata-objectivec-client/Source/ACL/GDataServiceACL.m"; sourceTree = SOURCE_ROOT; };
		E295D8DC0FBA0081001F55A4 /* GDataServiceIntrospection.h */ = {isa = PBXFileReference; fileEncoding = 4; lastKnownFileType = sourcecode.c.h; name = GDataServiceIntrospection.h; path = "../vendor/gdata-objectivec-client/Source/Introspection/GDataServiceIntrospection.h"; sourceTree = SOURCE_ROOT; };
		E295D8DD0FBA0081001F55A4 /* GDataAtomServiceDocument.h */ = {isa = PBXFileReference; fileEncoding = 4; lastKnownFileType = sourcecode.c.h; name = GDataAtomServiceDocument.h; path = "../vendor/gdata-objectivec-client/Source/Introspection/GDataAtomServiceDocument.h"; sourceTree = SOURCE_ROOT; };
		E295D8DE0FBA0081001F55A4 /* GDataAtomServiceDocument.m */ = {isa = PBXFileReference; fileEncoding = 4; lastKnownFileType = sourcecode.c.objc; name = GDataAtomServiceDocument.m; path = "../vendor/gdata-objectivec-client/Source/Introspection/GDataAtomServiceDocument.m"; sourceTree = SOURCE_ROOT; };
		E295D8DF0FBA0081001F55A4 /* GDataAtomWorkspace.h */ = {isa = PBXFileReference; fileEncoding = 4; lastKnownFileType = sourcecode.c.h; name = GDataAtomWorkspace.h; path = "../vendor/gdata-objectivec-client/Source/Introspection/GDataAtomWorkspace.h"; sourceTree = SOURCE_ROOT; };
		E295D8E00FBA0081001F55A4 /* GDataAtomWorkspace.m */ = {isa = PBXFileReference; fileEncoding = 4; lastKnownFileType = sourcecode.c.objc; name = GDataAtomWorkspace.m; path = "../vendor/gdata-objectivec-client/Source/Introspection/GDataAtomWorkspace.m"; sourceTree = SOURCE_ROOT; };
		E295D8E10FBA0081001F55A4 /* GDataAtomCategoryGroup.h */ = {isa = PBXFileReference; fileEncoding = 4; lastKnownFileType = sourcecode.c.h; name = GDataAtomCategoryGroup.h; path = "../vendor/gdata-objectivec-client/Source/Introspection/GDataAtomCategoryGroup.h"; sourceTree = SOURCE_ROOT; };
		E295D8E20FBA0081001F55A4 /* GDataAtomCategoryGroup.m */ = {isa = PBXFileReference; fileEncoding = 4; lastKnownFileType = sourcecode.c.objc; name = GDataAtomCategoryGroup.m; path = "../vendor/gdata-objectivec-client/Source/Introspection/GDataAtomCategoryGroup.m"; sourceTree = SOURCE_ROOT; };
		E295D8E30FBA0081001F55A4 /* GDataAtomCollection.h */ = {isa = PBXFileReference; fileEncoding = 4; lastKnownFileType = sourcecode.c.h; name = GDataAtomCollection.h; path = "../vendor/gdata-objectivec-client/Source/Introspection/GDataAtomCollection.h"; sourceTree = SOURCE_ROOT; };
		E295D8E40FBA0081001F55A4 /* GDataAtomCollection.m */ = {isa = PBXFileReference; fileEncoding = 4; lastKnownFileType = sourcecode.c.objc; name = GDataAtomCollection.m; path = "../vendor/gdata-objectivec-client/Source/Introspection/GDataAtomCollection.m"; sourceTree = SOURCE_ROOT; };
/* End PBXFileReference section */

/* Begin PBXFrameworksBuildPhase section */
		1D60588F0D05DD3D006BFB54 /* Frameworks */ = {
			isa = PBXFrameworksBuildPhase;
			buildActionMask = 2147483647;
			files = (
				1D60589F0D05DD5A006BFB54 /* Foundation.framework in Frameworks */,
				1DF5F4E00D08C38300B7A737 /* UIKit.framework in Frameworks */,
				2892E4100DC94CBA00A64D0F /* CoreGraphics.framework in Frameworks */,
				E265D8B10FA3B48B007129F2 /* CFNetwork.framework in Frameworks */,
				E265D8B30FA3B499007129F2 /* libz.1.2.3.dylib in Frameworks */,
				E243C4DD0FBA064A00E40DAA /* libThree20.a in Frameworks */,
				E243C5020FBA06AC00E40DAA /* QuartzCore.framework in Frameworks */,
			);
			runOnlyForDeploymentPostprocessing = 0;
		};
/* End PBXFrameworksBuildPhase section */

/* Begin PBXGroup section */
		080E96DDFE201D6D7F000001 /* Classes */ = {
			isa = PBXGroup;
			children = (
				E2502AEF0FA4CF9B00038A25 /* RadarArea.h */,
				E2502AF00FA4CF9B00038A25 /* RadarArea.m */,
				28C286DF0D94DF7D0034E888 /* RootViewController.h */,
				28C286E00D94DF7D0034E888 /* RootViewController.m */,
				E265D7840FA38755007129F2 /* RadarImageViewController.h */,
				E265D7850FA38755007129F2 /* RadarImageViewController.m */,
				1D3623240D0F684500981E51 /* RadarAppDelegate.h */,
				1D3623250D0F684500981E51 /* RadarAppDelegate.m */,
			);
			path = Classes;
			sourceTree = "<group>";
		};
		19C28FACFE9D520D11CA2CBB /* Products */ = {
			isa = PBXGroup;
			children = (
				1D6058910D05DD3D006BFB54 /* Radar.app */,
			);
			name = Products;
			sourceTree = "<group>";
		};
		29B97314FDCFA39411CA2CEA /* CustomTemplate */ = {
			isa = PBXGroup;
			children = (
				E265D8A00FA3B45F007129F2 /* Radar */,
				080E96DDFE201D6D7F000001 /* Classes */,
				29B97315FDCFA39411CA2CEA /* Other Sources */,
				29B97317FDCFA39411CA2CEA /* Resources */,
				29B97323FDCFA39411CA2CEA /* Frameworks */,
				19C28FACFE9D520D11CA2CBB /* Products */,
				E265D8B00FA3B48B007129F2 /* CFNetwork.framework */,
				E265D8B20FA3B499007129F2 /* libz.1.2.3.dylib */,
				E243C5010FBA06AC00E40DAA /* QuartzCore.framework */,
			);
			name = CustomTemplate;
			sourceTree = "<group>";
		};
		29B97315FDCFA39411CA2CEA /* Other Sources */ = {
			isa = PBXGroup;
			children = (
				28A0AAE50D9B0CCF005BE974 /* Radar_Prefix.pch */,
				29B97316FDCFA39411CA2CEA /* main.m */,
			);
			name = "Other Sources";
			sourceTree = "<group>";
		};
		29B97317FDCFA39411CA2CEA /* Resources */ = {
			isa = PBXGroup;
			children = (
				E265D7F10FA3993C007129F2 /* dot.png */,
				2899E55F0DE3E45000AC0155 /* RootViewController.xib */,
				28AD735F0D9D9599002E5188 /* MainWindow.xib */,
				8D1107310486CEB800E47090 /* Info.plist */,
				E265D7890FA3876C007129F2 /* RadarImageView.xib */,
			);
			name = Resources;
			sourceTree = "<group>";
		};
		29B97323FDCFA39411CA2CEA /* Frameworks */ = {
			isa = PBXGroup;
			children = (
				1DF5F4DF0D08C38300B7A737 /* UIKit.framework */,
				1D30AB110D05D00D00671497 /* Foundation.framework */,
				2892E40F0DC94CBA00A64D0F /* CoreGraphics.framework */,
			);
			name = Frameworks;
			sourceTree = "<group>";
		};
		E243C4D80FBA064800E40DAA /* Products */ = {
			isa = PBXGroup;
			children = (
				E243C4DC0FBA064800E40DAA /* libThree20.a */,
			);
			name = Products;
			sourceTree = "<group>";
		};
		E265D8A00FA3B45F007129F2 /* Radar */ = {
			isa = PBXGroup;
			children = (
				E243C4E40FBA069000E40DAA /* Three20.bundle */,
				E243C4D70FBA064800E40DAA /* Three20.xcodeproj */,
				E295D8500FBA0081001F55A4 /* GData Sources */,
				E265D8A10FA3B467007129F2 /* ASIHTTPRequest */,
			);
			name = Radar;
			sourceTree = "<group>";
		};
		E265D8A10FA3B467007129F2 /* ASIHTTPRequest */ = {
			isa = PBXGroup;
			children = (
				E265D8A20FA3B473007129F2 /* ASINetworkQueue.m */,
				E265D8A30FA3B473007129F2 /* ASINetworkQueue.h */,
				E265D8A40FA3B473007129F2 /* ASIFormDataRequest.m */,
				E265D8A50FA3B473007129F2 /* ASIFormDataRequest.h */,
				E265D8A60FA3B473007129F2 /* ASIHTTPRequest.h */,
				E265D8A70FA3B473007129F2 /* NSHTTPCookieAdditions.h */,
				E265D8A80FA3B473007129F2 /* NSHTTPCookieAdditions.m */,
				E265D8A90FA3B473007129F2 /* ASIHTTPRequest.m */,
			);
			name = ASIHTTPRequest;
			sourceTree = "<group>";
		};
		E295D8500FBA0081001F55A4 /* GData Sources */ = {
			isa = PBXGroup;
			children = (
				E295D8510FBA0081001F55A4 /* Common */,
			);
			name = "GData Sources";
			sourceTree = "<group>";
		};
		E295D8510FBA0081001F55A4 /* Common */ = {
			isa = PBXGroup;
			children = (
				E295D8CB0FBA0081001F55A4 /* Optional */,
				E295D8C80FBA0081001F55A4 /* Geo */,
				E295D8B20FBA0081001F55A4 /* Media (for Photos and YouTube) */,
				E295D8A50FBA0081001F55A4 /* Networking */,
				E295D8660FBA0081001F55A4 /* Elements */,
				E295D8590FBA0081001F55A4 /* BaseClasses */,
				E295D8520FBA0081001F55A4 /* GData.h */,
				E295D8530FBA0081001F55A4 /* GDataDefines.h */,
				E295D8540FBA0081001F55A4 /* GDataFramework.h */,
				E295D8550FBA0081001F55A4 /* GDataFramework.m */,
				E295D8560FBA0081001F55A4 /* GDataUtilities.h */,
				E295D8570FBA0081001F55A4 /* GDataUtilities.m */,
				E295D8580FBA0081001F55A4 /* GDataTargetNamespace.h */,
			);
			name = Common;
			sourceTree = "<group>";
		};
		E295D8590FBA0081001F55A4 /* BaseClasses */ = {
			isa = PBXGroup;
			children = (
				E295D85A0FBA0081001F55A4 /* GDataObject.h */,
				E295D85B0FBA0081001F55A4 /* GDataObject.m */,
				E295D85C0FBA0081001F55A4 /* GDataEntryBase.h */,
				E295D85D0FBA0081001F55A4 /* GDataEntryBase.m */,
				E295D85E0FBA0081001F55A4 /* GDataFeedBase.h */,
				E295D85F0FBA0081001F55A4 /* GDataFeedBase.m */,
				E295D8600FBA0081001F55A4 /* GDataQuery.h */,
				E295D8610FBA0081001F55A4 /* GDataQuery.m */,
				E295D8620FBA0081001F55A4 /* GDataServiceBase.h */,
				E295D8630FBA0081001F55A4 /* GDataServiceBase.m */,
				E295D8640FBA0081001F55A4 /* GDataServiceGoogle.h */,
				E295D8650FBA0081001F55A4 /* GDataServiceGoogle.m */,
			);
			name = BaseClasses;
			sourceTree = "<group>";
		};
		E295D8660FBA0081001F55A4 /* Elements */ = {
			isa = PBXGroup;
			children = (
				E295D8670FBA0081001F55A4 /* GDataElements.h */,
				E295D8680FBA0081001F55A4 /* GDataBaseElements.m */,
				E295D8690FBA0081001F55A4 /* GDataBaseElements.h */,
				E295D86A0FBA0081001F55A4 /* GDataAtomPubControl.h */,
				E295D86B0FBA0081001F55A4 /* GDataAtomPubControl.m */,
				E295D86C0FBA0081001F55A4 /* GDataLink.h */,
				E295D86D0FBA0081001F55A4 /* GDataLink.m */,
				E295D86E0FBA0081001F55A4 /* GDataPerson.h */,
				E295D86F0FBA0081001F55A4 /* GDataPerson.m */,
				E295D8700FBA0081001F55A4 /* GDataComment.h */,
				E295D8710FBA0081001F55A4 /* GDataComment.m */,
				E295D8720FBA0081001F55A4 /* GDataEntryLink.h */,
				E295D8730FBA0081001F55A4 /* GDataEntryLink.m */,
				E295D8740FBA0081001F55A4 /* GDataFeedLink.h */,
				E295D8750FBA0081001F55A4 /* GDataFeedLink.m */,
				E295D8760FBA0081001F55A4 /* GDataCategory.m */,
				E295D8770FBA0081001F55A4 /* GDataCategory.h */,
				E295D8780FBA0081001F55A4 /* GDataDeleted.h */,
				E295D8790FBA0081001F55A4 /* GDataDeleted.m */,
				E295D87A0FBA0081001F55A4 /* GDataMoney.m */,
				E295D87B0FBA0081001F55A4 /* GDataMoney.h */,
				E295D87C0FBA0081001F55A4 /* GDataWho.m */,
				E295D87D0FBA0081001F55A4 /* GDataWho.h */,
				E295D87E0FBA0081001F55A4 /* GDataWhere.h */,
				E295D87F0FBA0081001F55A4 /* GDataWhere.m */,
				E295D8800FBA0081001F55A4 /* GDataWhen.h */,
				E295D8810FBA0081001F55A4 /* GDataWhen.m */,
				E295D8820FBA0081001F55A4 /* GDataWhere.h */,
				E295D8830FBA0081001F55A4 /* GDataGenerator.m */,
				E295D8840FBA0081001F55A4 /* GDataGenerator.h */,
				E295D8850FBA0081001F55A4 /* GDataTextConstruct.h */,
				E295D8860FBA0081001F55A4 /* GDataTextConstruct.m */,
				E295D8870FBA0081001F55A4 /* GDataValueConstruct.h */,
				E295D8880FBA0081001F55A4 /* GDataValueConstruct.m */,
				E295D8890FBA0081001F55A4 /* GDataExtendedProperty.h */,
				E295D88A0FBA0081001F55A4 /* GDataExtendedProperty.m */,
				E295D88B0FBA0081001F55A4 /* GDataEntryContent.h */,
				E295D88C0FBA0081001F55A4 /* GDataEntryContent.m */,
				E295D88D0FBA0081001F55A4 /* GDataEmail.h */,
				E295D88E0FBA0081001F55A4 /* GDataEmail.m */,
				E295D88F0FBA0081001F55A4 /* GDataGeoPt.h */,
				E295D8900FBA0081001F55A4 /* GDataGeoPt.m */,
				E295D8910FBA0081001F55A4 /* GDataIM.h */,
				E295D8920FBA0081001F55A4 /* GDataIM.m */,
				E295D8930FBA0081001F55A4 /* GDataOrganization.h */,
				E295D8940FBA0081001F55A4 /* GDataOrganization.m */,
				E295D8950FBA0081001F55A4 /* GDataPhoneNumber.h */,
				E295D8960FBA0081001F55A4 /* GDataPhoneNumber.m */,
				E295D8970FBA0081001F55A4 /* GDataPostalAddress.h */,
				E295D8980FBA0081001F55A4 /* GDataPostalAddress.m */,
				E295D8990FBA0081001F55A4 /* GDataRating.h */,
				E295D89A0FBA0081001F55A4 /* GDataRating.m */,
				E295D89B0FBA0081001F55A4 /* GDataDateTime.h */,
				E295D89C0FBA0081001F55A4 /* GDataDateTime.m */,
				E295D89D0FBA0081001F55A4 /* GDataBatchOperation.h */,
				E295D89E0FBA0081001F55A4 /* GDataBatchOperation.m */,
				E295D89F0FBA0081001F55A4 /* GDataBatchID.h */,
				E295D8A00FBA0081001F55A4 /* GDataBatchID.m */,
				E295D8A10FBA0081001F55A4 /* GDataBatchStatus.h */,
				E295D8A20FBA0081001F55A4 /* GDataBatchStatus.m */,
				E295D8A30FBA0081001F55A4 /* GDataBatchInterrupted.h */,
				E295D8A40FBA0081001F55A4 /* GDataBatchInterrupted.m */,
			);
			name = Elements;
			sourceTree = "<group>";
		};
		E295D8A50FBA0081001F55A4 /* Networking */ = {
			isa = PBXGroup;
			children = (
				E295D8A60FBA0081001F55A4 /* GDataHTTPFetcher.h */,
				E295D8A70FBA0081001F55A4 /* GDataHTTPFetcher.m */,
				E295D8A80FBA0081001F55A4 /* GDataHTTPFetcherLogging.h */,
				E295D8A90FBA0081001F55A4 /* GDataHTTPFetcherLogging.m */,
				E295D8AA0FBA0081001F55A4 /* GDataProgressMonitorInputStream.h */,
				E295D8AB0FBA0081001F55A4 /* GDataProgressMonitorInputStream.m */,
				E295D8AC0FBA0081001F55A4 /* GDataGatherInputStream.h */,
				E295D8AD0FBA0081001F55A4 /* GDataGatherInputStream.m */,
				E295D8AE0FBA0081001F55A4 /* GDataMIMEDocument.h */,
				E295D8AF0FBA0081001F55A4 /* GDataMIMEDocument.m */,
				E295D8B00FBA0081001F55A4 /* GDataServerError.h */,
				E295D8B10FBA0081001F55A4 /* GDataServerError.m */,
			);
			name = Networking;
			sourceTree = "<group>";
		};
		E295D8B20FBA0081001F55A4 /* Media (for Photos and YouTube) */ = {
			isa = PBXGroup;
			children = (
				E295D8B30FBA0081001F55A4 /* GDataMedia.h */,
				E295D8B40FBA0081001F55A4 /* GDataNormalPlayTime.m */,
				E295D8B50FBA0081001F55A4 /* GDataNormalPlayTime.h */,
				E295D8B60FBA0081001F55A4 /* GDataMediaThumbnail.m */,
				E295D8B70FBA0081001F55A4 /* GDataMediaThumbnail.h */,
				E295D8B80FBA0081001F55A4 /* GDataMediaKeywords.m */,
				E295D8B90FBA0081001F55A4 /* GDataMediaKeywords.h */,
				E295D8BA0FBA0081001F55A4 /* GDataMediaGroup.m */,
				E295D8BB0FBA0081001F55A4 /* GDataMediaGroup.h */,
				E295D8BC0FBA0081001F55A4 /* GDataMediaContent.m */,
				E295D8BD0FBA0081001F55A4 /* GDataMediaContent.h */,
				E295D8BE0FBA0081001F55A4 /* GDataMediaCredit.m */,
				E295D8BF0FBA0081001F55A4 /* GDataMediaCredit.h */,
				E295D8C00FBA0081001F55A4 /* GDataMediaCategory.h */,
				E295D8C10FBA0081001F55A4 /* GDataMediaCategory.m */,
				E295D8C20FBA0081001F55A4 /* GDataMediaPlayer.h */,
				E295D8C30FBA0081001F55A4 /* GDataMediaPlayer.m */,
				E295D8C40FBA0081001F55A4 /* GDataMediaRating.h */,
				E295D8C50FBA0081001F55A4 /* GDataMediaRating.m */,
				E295D8C60FBA0081001F55A4 /* GDataMediaRestriction.h */,
				E295D8C70FBA0081001F55A4 /* GDataMediaRestriction.m */,
			);
			name = "Media (for Photos and YouTube)";
			sourceTree = "<group>";
		};
		E295D8C80FBA0081001F55A4 /* Geo */ = {
			isa = PBXGroup;
			children = (
				E295D8C90FBA0081001F55A4 /* GDataGeo.h */,
				E295D8CA0FBA0081001F55A4 /* GDataGeo.m */,
			);
			name = Geo;
			sourceTree = "<group>";
		};
		E295D8CB0FBA0081001F55A4 /* Optional */ = {
			isa = PBXGroup;
			children = (
				E295D8DB0FBA0081001F55A4 /* Service Introspection */,
				E295D8CF0FBA0081001F55A4 /* ACL */,
				E295D8CC0FBA0081001F55A4 /* XML Support (for iPhone) */,
			);
			name = Optional;
			sourceTree = "<group>";
		};
		E295D8CC0FBA0081001F55A4 /* XML Support (for iPhone) */ = {
			isa = PBXGroup;
			children = (
				E295D8CD0FBA0081001F55A4 /* GDataXMLNode.h */,
				E295D8CE0FBA0081001F55A4 /* GDataXMLNode.m */,
			);
			name = "XML Support (for iPhone)";
			sourceTree = "<group>";
		};
		E295D8CF0FBA0081001F55A4 /* ACL */ = {
			isa = PBXGroup;
			children = (
				E295D8D00FBA0081001F55A4 /* GDataACL.h */,
				E295D8D10FBA0081001F55A4 /* GDataEntryACL.h */,
				E295D8D20FBA0081001F55A4 /* GDataEntryACL.m */,
				E295D8D30FBA0081001F55A4 /* GDataFeedACL.h */,
				E295D8D40FBA0081001F55A4 /* GDataFeedACL.m */,
				E295D8D50FBA0081001F55A4 /* GDataACLScope.h */,
				E295D8D60FBA0081001F55A4 /* GDataACLScope.m */,
				E295D8D70FBA0081001F55A4 /* GDataACLRole.h */,
				E295D8D80FBA0081001F55A4 /* GDataACLRole.m */,
				E295D8D90FBA0081001F55A4 /* GDataServiceACL.h */,
				E295D8DA0FBA0081001F55A4 /* GDataServiceACL.m */,
			);
			name = ACL;
			sourceTree = "<group>";
		};
		E295D8DB0FBA0081001F55A4 /* Service Introspection */ = {
			isa = PBXGroup;
			children = (
				E295D8DC0FBA0081001F55A4 /* GDataServiceIntrospection.h */,
				E295D8DD0FBA0081001F55A4 /* GDataAtomServiceDocument.h */,
				E295D8DE0FBA0081001F55A4 /* GDataAtomServiceDocument.m */,
				E295D8DF0FBA0081001F55A4 /* GDataAtomWorkspace.h */,
				E295D8E00FBA0081001F55A4 /* GDataAtomWorkspace.m */,
				E295D8E10FBA0081001F55A4 /* GDataAtomCategoryGroup.h */,
				E295D8E20FBA0081001F55A4 /* GDataAtomCategoryGroup.m */,
				E295D8E30FBA0081001F55A4 /* GDataAtomCollection.h */,
				E295D8E40FBA0081001F55A4 /* GDataAtomCollection.m */,
			);
			name = "Service Introspection";
			sourceTree = "<group>";
		};
/* End PBXGroup section */

/* Begin PBXNativeTarget section */
		1D6058900D05DD3D006BFB54 /* Radar */ = {
			isa = PBXNativeTarget;
			buildConfigurationList = 1D6058960D05DD3E006BFB54 /* Build configuration list for PBXNativeTarget "Radar" */;
			buildPhases = (
				1D60588D0D05DD3D006BFB54 /* Resources */,
				1D60588E0D05DD3D006BFB54 /* Sources */,
				1D60588F0D05DD3D006BFB54 /* Frameworks */,
			);
			buildRules = (
			);
			dependencies = (
				E243C4E20FBA065900E40DAA /* PBXTargetDependency */,
			);
			name = Radar;
			productName = Radar;
			productReference = 1D6058910D05DD3D006BFB54 /* Radar.app */;
			productType = "com.apple.product-type.application";
		};
/* End PBXNativeTarget section */

/* Begin PBXProject section */
		29B97313FDCFA39411CA2CEA /* Project object */ = {
			isa = PBXProject;
			buildConfigurationList = C01FCF4E08A954540054247B /* Build configuration list for PBXProject "Radar" */;
			compatibilityVersion = "Xcode 3.1";
			hasScannedForEncodings = 1;
			knownRegions = (
				English,
				Japanese,
				French,
				German,
				en,
			);
			mainGroup = 29B97314FDCFA39411CA2CEA /* CustomTemplate */;
			projectDirPath = "";
			projectReferences = (
				{
					ProductGroup = E243C4D80FBA064800E40DAA /* Products */;
					ProjectRef = E243C4D70FBA064800E40DAA /* Three20.xcodeproj */;
				},
			);
			projectRoot = "";
			targets = (
				1D6058900D05DD3D006BFB54 /* Radar */,
			);
		};
/* End PBXProject section */

/* Begin PBXReferenceProxy section */
		E243C4DC0FBA064800E40DAA /* libThree20.a */ = {
			isa = PBXReferenceProxy;
			fileType = archive.ar;
			path = libThree20.a;
			remoteRef = E243C4DB0FBA064800E40DAA /* PBXContainerItemProxy */;
			sourceTree = BUILT_PRODUCTS_DIR;
		};
/* End PBXReferenceProxy section */

/* Begin PBXResourcesBuildPhase section */
		1D60588D0D05DD3D006BFB54 /* Resources */ = {
			isa = PBXResourcesBuildPhase;
			buildActionMask = 2147483647;
			files = (
				28AD73600D9D9599002E5188 /* MainWindow.xib in Resources */,
				2899E5600DE3E45000AC0155 /* RootViewController.xib in Resources */,
				E265D78A0FA3876C007129F2 /* RadarImageView.xib in Resources */,
				E265D7F20FA3993C007129F2 /* dot.png in Resources */,
				E243C4E50FBA069000E40DAA /* Three20.bundle in Resources */,
			);
			runOnlyForDeploymentPostprocessing = 0;
		};
/* End PBXResourcesBuildPhase section */

/* Begin PBXSourcesBuildPhase section */
		1D60588E0D05DD3D006BFB54 /* Sources */ = {
			isa = PBXSourcesBuildPhase;
			buildActionMask = 2147483647;
			files = (
				1D60589B0D05DD56006BFB54 /* main.m in Sources */,
				1D3623260D0F684500981E51 /* RadarAppDelegate.m in Sources */,
				28C286E10D94DF7D0034E888 /* RootViewController.m in Sources */,
				E265D7860FA38755007129F2 /* RadarImageViewController.m in Sources */,
				E265D8AA0FA3B473007129F2 /* ASINetworkQueue.m in Sources */,
				E265D8AB0FA3B473007129F2 /* ASIFormDataRequest.m in Sources */,
				E265D8AC0FA3B473007129F2 /* NSHTTPCookieAdditions.m in Sources */,
				E265D8AD0FA3B473007129F2 /* ASIHTTPRequest.m in Sources */,
				E2502AF10FA4CF9B00038A25 /* RadarArea.m in Sources */,
				E295DA170FBA0082001F55A4 /* GDataFramework.m in Sources */,
				E295DA180FBA0082001F55A4 /* GDataUtilities.m in Sources */,
				E295DA190FBA0082001F55A4 /* GDataObject.m in Sources */,
				E295DA1A0FBA0082001F55A4 /* GDataEntryBase.m in Sources */,
				E295DA1B0FBA0082001F55A4 /* GDataFeedBase.m in Sources */,
				E295DA1C0FBA0082001F55A4 /* GDataQuery.m in Sources */,
				E295DA1D0FBA0082001F55A4 /* GDataServiceBase.m in Sources */,
				E295DA1E0FBA0082001F55A4 /* GDataServiceGoogle.m in Sources */,
				E295DA1F0FBA0082001F55A4 /* GDataBaseElements.m in Sources */,
				E295DA200FBA0082001F55A4 /* GDataAtomPubControl.m in Sources */,
				E295DA210FBA0082001F55A4 /* GDataLink.m in Sources */,
				E295DA220FBA0082001F55A4 /* GDataPerson.m in Sources */,
				E295DA230FBA0082001F55A4 /* GDataComment.m in Sources */,
				E295DA240FBA0082001F55A4 /* GDataEntryLink.m in Sources */,
				E295DA250FBA0082001F55A4 /* GDataFeedLink.m in Sources */,
				E295DA260FBA0082001F55A4 /* GDataCategory.m in Sources */,
				E295DA270FBA0082001F55A4 /* GDataDeleted.m in Sources */,
				E295DA280FBA0082001F55A4 /* GDataMoney.m in Sources */,
				E295DA290FBA0082001F55A4 /* GDataWho.m in Sources */,
				E295DA2A0FBA0082001F55A4 /* GDataWhere.m in Sources */,
				E295DA2B0FBA0082001F55A4 /* GDataWhen.m in Sources */,
				E295DA2C0FBA0082001F55A4 /* GDataGenerator.m in Sources */,
				E295DA2D0FBA0082001F55A4 /* GDataTextConstruct.m in Sources */,
				E295DA2E0FBA0082001F55A4 /* GDataValueConstruct.m in Sources */,
				E295DA2F0FBA0082001F55A4 /* GDataExtendedProperty.m in Sources */,
				E295DA300FBA0082001F55A4 /* GDataEntryContent.m in Sources */,
				E295DA310FBA0082001F55A4 /* GDataEmail.m in Sources */,
				E295DA320FBA0082001F55A4 /* GDataGeoPt.m in Sources */,
				E295DA330FBA0082001F55A4 /* GDataIM.m in Sources */,
				E295DA340FBA0082001F55A4 /* GDataOrganization.m in Sources */,
				E295DA350FBA0082001F55A4 /* GDataPhoneNumber.m in Sources */,
				E295DA360FBA0082001F55A4 /* GDataPostalAddress.m in Sources */,
				E295DA370FBA0082001F55A4 /* GDataRating.m in Sources */,
				E295DA380FBA0082001F55A4 /* GDataDateTime.m in Sources */,
				E295DA390FBA0082001F55A4 /* GDataBatchOperation.m in Sources */,
				E295DA3A0FBA0082001F55A4 /* GDataBatchID.m in Sources */,
				E295DA3B0FBA0082001F55A4 /* GDataBatchStatus.m in Sources */,
				E295DA3C0FBA0082001F55A4 /* GDataBatchInterrupted.m in Sources */,
				E295DA3D0FBA0082001F55A4 /* GDataHTTPFetcher.m in Sources */,
				E295DA3E0FBA0082001F55A4 /* GDataHTTPFetcherLogging.m in Sources */,
				E295DA3F0FBA0082001F55A4 /* GDataProgressMonitorInputStream.m in Sources */,
				E295DA400FBA0082001F55A4 /* GDataGatherInputStream.m in Sources */,
				E295DA410FBA0082001F55A4 /* GDataMIMEDocument.m in Sources */,
				E295DA420FBA0082001F55A4 /* GDataServerError.m in Sources */,
				E295DA430FBA0082001F55A4 /* GDataNormalPlayTime.m in Sources */,
				E295DA440FBA0082001F55A4 /* GDataMediaThumbnail.m in Sources */,
				E295DA450FBA0082001F55A4 /* GDataMediaKeywords.m in Sources */,
				E295DA460FBA0082001F55A4 /* GDataMediaGroup.m in Sources */,
				E295DA470FBA0082001F55A4 /* GDataMediaContent.m in Sources */,
				E295DA480FBA0082001F55A4 /* GDataMediaCredit.m in Sources */,
				E295DA490FBA0082001F55A4 /* GDataMediaCategory.m in Sources */,
				E295DA4A0FBA0082001F55A4 /* GDataMediaPlayer.m in Sources */,
				E295DA4B0FBA0082001F55A4 /* GDataMediaRating.m in Sources */,
				E295DA4C0FBA0082001F55A4 /* GDataMediaRestriction.m in Sources */,
				E295DA4D0FBA0082001F55A4 /* GDataGeo.m in Sources */,
				E295DA4E0FBA0082001F55A4 /* GDataXMLNode.m in Sources */,
				E295DA4F0FBA0082001F55A4 /* GDataEntryACL.m in Sources */,
				E295DA500FBA0082001F55A4 /* GDataFeedACL.m in Sources */,
				E295DA510FBA0082001F55A4 /* GDataACLScope.m in Sources */,
				E295DA520FBA0082001F55A4 /* GDataACLRole.m in Sources */,
				E295DA530FBA0082001F55A4 /* GDataServiceACL.m in Sources */,
				E295DA540FBA0082001F55A4 /* GDataAtomServiceDocument.m in Sources */,
				E295DA550FBA0082001F55A4 /* GDataAtomWorkspace.m in Sources */,
				E295DA560FBA0082001F55A4 /* GDataAtomCategoryGroup.m in Sources */,
				E295DA570FBA0082001F55A4 /* GDataAtomCollection.m in Sources */,
			);
			runOnlyForDeploymentPostprocessing = 0;
		};
/* End PBXSourcesBuildPhase section */

/* Begin PBXTargetDependency section */
		E243C4E20FBA065900E40DAA /* PBXTargetDependency */ = {
			isa = PBXTargetDependency;
			name = Three20;
			targetProxy = E243C4E10FBA065900E40DAA /* PBXContainerItemProxy */;
		};
/* End PBXTargetDependency section */

/* Begin XCBuildConfiguration section */
		1D6058940D05DD3E006BFB54 /* Debug */ = {
			isa = XCBuildConfiguration;
			buildSettings = {
				ALWAYS_SEARCH_USER_PATHS = NO;
				COPY_PHASE_STRIP = NO;
				GCC_DYNAMIC_NO_PIC = NO;
				GCC_OPTIMIZATION_LEVEL = 0;
				GCC_PRECOMPILE_PREFIX_HEADER = YES;
				GCC_PREFIX_HEADER = Radar_Prefix.pch;
				INFOPLIST_FILE = Info.plist;
				PRODUCT_NAME = Radar;
			};
			name = Debug;
		};
		1D6058950D05DD3E006BFB54 /* Release */ = {
			isa = XCBuildConfiguration;
			buildSettings = {
				ALWAYS_SEARCH_USER_PATHS = NO;
				COPY_PHASE_STRIP = YES;
				GCC_PRECOMPILE_PREFIX_HEADER = YES;
				GCC_PREFIX_HEADER = Radar_Prefix.pch;
				INFOPLIST_FILE = Info.plist;
				PRODUCT_NAME = Radar;
			};
			name = Release;
		};
		C01FCF4F08A954540054247B /* Debug */ = {
			isa = XCBuildConfiguration;
			buildSettings = {
				ARCHS = "$(ARCHS_STANDARD_32_BIT)";
				"CODE_SIGN_IDENTITY[sdk=iphoneos*]" = "iPhone Developer: Tom Taylor";
				GCC_C_LANGUAGE_STANDARD = c99;
				GCC_WARN_ABOUT_RETURN_TYPE = YES;
				GCC_WARN_UNUSED_VARIABLE = YES;
				HEADER_SEARCH_PATHS = (
					"../vendor/three20/src/**",
					"/usr/include/libxml2/**",
				);
				ONLY_ACTIVE_ARCH = YES;
				OTHER_CFLAGS = "-DDEBUG=1";
				OTHER_LDFLAGS = (
					"-ObjC",
					"-lxml2",
				);
				PREBINDING = NO;
				"PROVISIONING_PROFILE[sdk=iphoneos*]" = "B3A8655F-D3B0-46E8-9E3D-439540EDA89C";
				SDKROOT = iphoneos2.2.1;
			};
			name = Debug;
		};
		C01FCF5008A954540054247B /* Release */ = {
			isa = XCBuildConfiguration;
			buildSettings = {
				ARCHS = "$(ARCHS_STANDARD_32_BIT)";
				"CODE_SIGN_IDENTITY[sdk=iphoneos*]" = "iPhone Developer";
				GCC_C_LANGUAGE_STANDARD = c99;
				GCC_WARN_ABOUT_RETURN_TYPE = YES;
				GCC_WARN_UNUSED_VARIABLE = YES;
				PREBINDING = NO;
				SDKROOT = iphoneos2.2.1;
			};
			name = Release;
		};
/* End XCBuildConfiguration section */

/* Begin XCConfigurationList section */
		1D6058960D05DD3E006BFB54 /* Build configuration list for PBXNativeTarget "Radar" */ = {
			isa = XCConfigurationList;
			buildConfigurations = (
				1D6058940D05DD3E006BFB54 /* Debug */,
				1D6058950D05DD3E006BFB54 /* Release */,
			);
			defaultConfigurationIsVisible = 0;
			defaultConfigurationName = Release;
		};
		C01FCF4E08A954540054247B /* Build configuration list for PBXProject "Radar" */ = {
			isa = XCConfigurationList;
			buildConfigurations = (
				C01FCF4F08A954540054247B /* Debug */,
				C01FCF5008A954540054247B /* Release */,
			);
			defaultConfigurationIsVisible = 0;
			defaultConfigurationName = Release;
		};
/* End XCConfigurationList section */
	};
	rootObject = 29B97313FDCFA39411CA2CEA /* Project object */;
}
